// !$*UTF8*$!
{
	archiveVersion = 1;
	classes = {
	};
	objectVersion = 45;
	objects = {

/* Begin PBXBuildFile section */
		1D3623260D0F684500981E51 /* Roll_CallAppDelegate.m in Sources */ = {isa = PBXBuildFile; fileRef = 1D3623250D0F684500981E51 /* Roll_CallAppDelegate.m */; };
		1D60589B0D05DD56006BFB54 /* main.m in Sources */ = {isa = PBXBuildFile; fileRef = 29B97316FDCFA39411CA2CEA /* main.m */; };
		1D60589F0D05DD5A006BFB54 /* Foundation.framework in Frameworks */ = {isa = PBXBuildFile; fileRef = 1D30AB110D05D00D00671497 /* Foundation.framework */; };
		1DF5F4E00D08C38300B7A737 /* UIKit.framework in Frameworks */ = {isa = PBXBuildFile; fileRef = 1DF5F4DF0D08C38300B7A737 /* UIKit.framework */; };
		288765080DF74369002DB57D /* CoreGraphics.framework in Frameworks */ = {isa = PBXBuildFile; fileRef = 288765070DF74369002DB57D /* CoreGraphics.framework */; };
		28AD73880D9D96C1002E5188 /* MainWindow.xib in Resources */ = {isa = PBXBuildFile; fileRef = 28AD73870D9D96C1002E5188 /* MainWindow.xib */; };
		5A1B89F6116A09C300E979FF /* AddAddressViewController.m in Sources */ = {isa = PBXBuildFile; fileRef = 5A1B89E8116A09C300E979FF /* AddAddressViewController.m */; };
		5A1B89F7116A09C300E979FF /* AddAddressViewController.xib in Resources */ = {isa = PBXBuildFile; fileRef = 5A1B89E9116A09C300E979FF /* AddAddressViewController.xib */; };
		5A1B89F8116A09C300E979FF /* AddCourseViewController.m in Sources */ = {isa = PBXBuildFile; fileRef = 5A1B89EB116A09C300E979FF /* AddCourseViewController.m */; };
		5A1B89F9116A09C300E979FF /* AddCourseViewController.xib in Resources */ = {isa = PBXBuildFile; fileRef = 5A1B89EC116A09C300E979FF /* AddCourseViewController.xib */; };
		5A1B89FA116A09C300E979FF /* AddEmailViewController.m in Sources */ = {isa = PBXBuildFile; fileRef = 5A1B89EE116A09C300E979FF /* AddEmailViewController.m */; };
		5A1B89FB116A09C300E979FF /* AddEmailViewController.xib in Resources */ = {isa = PBXBuildFile; fileRef = 5A1B89EF116A09C300E979FF /* AddEmailViewController.xib */; };
		5A1B89FC116A09C300E979FF /* AddPhoneViewController.m in Sources */ = {isa = PBXBuildFile; fileRef = 5A1B89F1116A09C300E979FF /* AddPhoneViewController.m */; };
		5A1B89FD116A09C300E979FF /* AddPhoneViewController.xib in Resources */ = {isa = PBXBuildFile; fileRef = 5A1B89F2116A09C300E979FF /* AddPhoneViewController.xib */; };
		5A1B89FE116A09C300E979FF /* Address.m in Sources */ = {isa = PBXBuildFile; fileRef = 5A1B89F4116A09C300E979FF /* Address.m */; };
		5A1B89FF116A09C300E979FF /* StudentHeaderView.xib in Resources */ = {isa = PBXBuildFile; fileRef = 5A1B89F5116A09C300E979FF /* StudentHeaderView.xib */; };
		5A1B8A2F116A0BC100E979FF /* deafultphoto.JPG in Resources */ = {isa = PBXBuildFile; fileRef = 5A1B8A2E116A0BC100E979FF /* deafultphoto.JPG */; };
		5A3911C2116759EB003EF6F8 /* AddStudentHeaderView.xib in Resources */ = {isa = PBXBuildFile; fileRef = 5A3911C1116759EB003EF6F8 /* AddStudentHeaderView.xib */; };
		5A39130E11678C06003EF6F8 /* addphoto.jpg in Resources */ = {isa = PBXBuildFile; fileRef = 5A39130D11678C06003EF6F8 /* addphoto.jpg */; };
		5A7B2E8A11674DD4004332A7 /* AddStudentNameViewController.m in Sources */ = {isa = PBXBuildFile; fileRef = 5A7B2E8811674DD4004332A7 /* AddStudentNameViewController.m */; };
		5A7B2E8B11674DD4004332A7 /* AddStudentNameViewController.xib in Resources */ = {isa = PBXBuildFile; fileRef = 5A7B2E8911674DD4004332A7 /* AddStudentNameViewController.xib */; };
		5AB095571167F60C00E0CB9F /* AddStudentNameTableCell.m in Sources */ = {isa = PBXBuildFile; fileRef = 5AB095561167F60C00E0CB9F /* AddStudentNameTableCell.m */; };
		5AB095661167F75000E0CB9F /* AddStudentNameTableCell.xib in Resources */ = {isa = PBXBuildFile; fileRef = 5AB095651167F75000E0CB9F /* AddStudentNameTableCell.xib */; };
		5AB0974A1168129B00E0CB9F /* RollSheetViewController.m in Sources */ = {isa = PBXBuildFile; fileRef = 5AB097481168129B00E0CB9F /* RollSheetViewController.m */; };
		5AB0974B1168129B00E0CB9F /* RollSheetViewController.xib in Resources */ = {isa = PBXBuildFile; fileRef = 5AB097491168129B00E0CB9F /* RollSheetViewController.xib */; };
		5AB0974D116812A500E0CB9F /* RollCallDataModel.xcdatamodel in Sources */ = {isa = PBXBuildFile; fileRef = 5AB0974C116812A500E0CB9F /* RollCallDataModel.xcdatamodel */; };
		5AB097681168145600E0CB9F /* CoreData.framework in Frameworks */ = {isa = PBXBuildFile; fileRef = 5AB097671168145600E0CB9F /* CoreData.framework */; };
		9509E09F117F81BF00A468EB /* gear.png in Resources */ = {isa = PBXBuildFile; fileRef = 9509E09E117F81BF00A468EB /* gear.png */; };
		9509E0A2117F862600A468EB /* sync.png in Resources */ = {isa = PBXBuildFile; fileRef = 9509E0A1117F862600A468EB /* sync.png */; };
		9509E0B6117F88B100A468EB /* SettingsViewController.m in Sources */ = {isa = PBXBuildFile; fileRef = 9509E0B4117F88B100A468EB /* SettingsViewController.m */; };
		9509E0B7117F88B100A468EB /* SettingsViewController.xib in Resources */ = {isa = PBXBuildFile; fileRef = 9509E0B5117F88B100A468EB /* SettingsViewController.xib */; };
		952086A5118AC08C00F12AB9 /* QuartzCore.framework in Frameworks */ = {isa = PBXBuildFile; fileRef = 952086A4118AC08C00F12AB9 /* QuartzCore.framework */; };
		952086C7118ACBA000F12AB9 /* NoteViewController.m in Sources */ = {isa = PBXBuildFile; fileRef = 952086C5118ACBA000F12AB9 /* NoteViewController.m */; };
		952086C8118ACBA000F12AB9 /* NoteViewController.xib in Resources */ = {isa = PBXBuildFile; fileRef = 952086C6118ACBA000F12AB9 /* NoteViewController.xib */; };
		952086CB118ACBB800F12AB9 /* KalViewDataSource.m in Sources */ = {isa = PBXBuildFile; fileRef = 952086CA118ACBB800F12AB9 /* KalViewDataSource.m */; };
		952086DD118ACC7400F12AB9 /* AttendanceEditViewController.m in Sources */ = {isa = PBXBuildFile; fileRef = 952086DC118ACC7400F12AB9 /* AttendanceEditViewController.m */; };
		9520878A118AD50400F12AB9 /* AttendanceCell.xib in Resources */ = {isa = PBXBuildFile; fileRef = 95208789118AD50400F12AB9 /* AttendanceCell.xib */; };
		952087D4118AD5C000F12AB9 /* ChatTableCell.xib in Resources */ = {isa = PBXBuildFile; fileRef = 952087D3118AD5C000F12AB9 /* ChatTableCell.xib */; };
		952087DE118AD61300F12AB9 /* icon_chart_lg.png in Resources */ = {isa = PBXBuildFile; fileRef = 952087DD118AD61300F12AB9 /* icon_chart_lg.png */; };
		952087E8118AD67E00F12AB9 /* DeleteTableCell.xib in Resources */ = {isa = PBXBuildFile; fileRef = 952087E7118AD67E00F12AB9 /* DeleteTableCell.xib */; };
		95345137118BDA9A006EF65B /* ChangeDateViewController.m in Sources */ = {isa = PBXBuildFile; fileRef = 95345135118BDA9A006EF65B /* ChangeDateViewController.m */; };
		95345138118BDA9A006EF65B /* ChangeDateViewController.xib in Resources */ = {isa = PBXBuildFile; fileRef = 95345136118BDA9A006EF65B /* ChangeDateViewController.xib */; };
		9534524B118C00AA006EF65B /* StatusInstanceViewController.m in Sources */ = {isa = PBXBuildFile; fileRef = 95345249118C00AA006EF65B /* StatusInstanceViewController.m */; };
		9534524C118C00AA006EF65B /* StatusInstanceViewController.xib in Resources */ = {isa = PBXBuildFile; fileRef = 9534524A118C00AA006EF65B /* StatusInstanceViewController.xib */; };
		953452BB118C16F9006EF65B /* EditTextFieldViewController.m in Sources */ = {isa = PBXBuildFile; fileRef = 953452B9118C16F9006EF65B /* EditTextFieldViewController.m */; };
		953452BC118C16F9006EF65B /* EditTextFieldViewController.xib in Resources */ = {isa = PBXBuildFile; fileRef = 953452BA118C16F9006EF65B /* EditTextFieldViewController.xib */; };
		953454D8118C5A26006EF65B /* EditStatusColorViewController.m in Sources */ = {isa = PBXBuildFile; fileRef = 953454D6118C5A26006EF65B /* EditStatusColorViewController.m */; };
		953454D9118C5A26006EF65B /* EditStatusColorViewController.xib in Resources */ = {isa = PBXBuildFile; fileRef = 953454D7118C5A26006EF65B /* EditStatusColorViewController.xib */; };
		9534558E118C6A83006EF65B /* button_gray.png in Resources */ = {isa = PBXBuildFile; fileRef = 9534558B118C6A83006EF65B /* button_gray.png */; };
		9534558F118C6A83006EF65B /* button_purple.png in Resources */ = {isa = PBXBuildFile; fileRef = 9534558C118C6A83006EF65B /* button_purple.png */; };
		95345590118C6A83006EF65B /* button_white.png in Resources */ = {isa = PBXBuildFile; fileRef = 9534558D118C6A83006EF65B /* button_white.png */; };
		95345592118C6A88006EF65B /* button_orange.png in Resources */ = {isa = PBXBuildFile; fileRef = 95345591118C6A88006EF65B /* button_orange.png */; };
		953455F3118C700A006EF65B /* KalViewCell.xib in Resources */ = {isa = PBXBuildFile; fileRef = 953455EE118C700A006EF65B /* KalViewCell.xib */; };
		953455F4118C700A006EF65B /* NotesTableCell.xib in Resources */ = {isa = PBXBuildFile; fileRef = 953455EF118C700A006EF65B /* NotesTableCell.xib */; };
		953455F5118C700A006EF65B /* ind_y_l.png in Resources */ = {isa = PBXBuildFile; fileRef = 953455F0118C700A006EF65B /* ind_y_l.png */; };
		953455F6118C700A006EF65B /* ind_y_m.png in Resources */ = {isa = PBXBuildFile; fileRef = 953455F1118C700A006EF65B /* ind_y_m.png */; };
		953455F7118C700A006EF65B /* ind_y_r.png in Resources */ = {isa = PBXBuildFile; fileRef = 953455F2118C700A006EF65B /* ind_y_r.png */; };
		95345635118C7BE6006EF65B /* AddStatusViewController.m in Sources */ = {isa = PBXBuildFile; fileRef = 95345633118C7BE6006EF65B /* AddStatusViewController.m */; };
		95345636118C7BE6006EF65B /* AddStatusViewController.xib in Resources */ = {isa = PBXBuildFile; fileRef = 95345634118C7BE6006EF65B /* AddStatusViewController.xib */; };
		953458CB118CDCCB006EF65B /* EnrollStudentsViewController.m in Sources */ = {isa = PBXBuildFile; fileRef = 953458C9118CDCCB006EF65B /* EnrollStudentsViewController.m */; };
		953458CC118CDCCB006EF65B /* EnrollStudentsViewController.xib in Resources */ = {isa = PBXBuildFile; fileRef = 953458CA118CDCCB006EF65B /* EnrollStudentsViewController.xib */; };
		95345E63118EA7BF006EF65B /* ABTableViewCell.m in Sources */ = {isa = PBXBuildFile; fileRef = 95345E60118EA7BF006EF65B /* ABTableViewCell.m */; };
		95345E67118EA7FC006EF65B /* AttendanceViewCell.m in Sources */ = {isa = PBXBuildFile; fileRef = 95345E66118EA7FC006EF65B /* AttendanceViewCell.m */; };
		95345E8B118EACCC006EF65B /* CustomCell.m in Sources */ = {isa = PBXBuildFile; fileRef = 95345E8A118EACCC006EF65B /* CustomCell.m */; };
		95346114118F5739006EF65B /* MessageUI.framework in Frameworks */ = {isa = PBXBuildFile; fileRef = 95346113118F5739006EF65B /* MessageUI.framework */; };
		9534621B118FA7E4006EF65B /* logo.png in Resources */ = {isa = PBXBuildFile; fileRef = 9534621A118FA7E4006EF65B /* logo.png */; };
		955E41771174129700FF2B8F /* RollSheetTableCell.m in Sources */ = {isa = PBXBuildFile; fileRef = 955E41761174129700FF2B8F /* RollSheetTableCell.m */; };
		955E4179117412AB00FF2B8F /* RollSheetTableCell.xib in Resources */ = {isa = PBXBuildFile; fileRef = 955E4178117412AB00FF2B8F /* RollSheetTableCell.xib */; };
		955E41F21174273900FF2B8F /* cell_background.png in Resources */ = {isa = PBXBuildFile; fileRef = 955E41F11174273900FF2B8F /* cell_background.png */; };
		955E42031174296800FF2B8F /* button_green.png in Resources */ = {isa = PBXBuildFile; fileRef = 955E42021174296800FF2B8F /* button_green.png */; };
		955E42521174461000FF2B8F /* Presence.m in Sources */ = {isa = PBXBuildFile; fileRef = 955E424F1174461000FF2B8F /* Presence.m */; };
		955E42531174461000FF2B8F /* Status.m in Sources */ = {isa = PBXBuildFile; fileRef = 955E42511174461000FF2B8F /* Status.m */; };
		955E426C11745D8500FF2B8F /* cell_background_down.png in Resources */ = {isa = PBXBuildFile; fileRef = 955E426B11745D8400FF2B8F /* cell_background_down.png */; };
		955E427111745DBC00FF2B8F /* button_blue.png in Resources */ = {isa = PBXBuildFile; fileRef = 955E426D11745DBC00FF2B8F /* button_blue.png */; };
		955E427211745DBC00FF2B8F /* button_green.png in Resources */ = {isa = PBXBuildFile; fileRef = 955E426E11745DBC00FF2B8F /* button_green.png */; };
		955E427311745DBC00FF2B8F /* button_red.png in Resources */ = {isa = PBXBuildFile; fileRef = 955E426F11745DBC00FF2B8F /* button_red.png */; };
		955E427411745DBC00FF2B8F /* button_yellow.png in Resources */ = {isa = PBXBuildFile; fileRef = 955E427011745DBC00FF2B8F /* button_yellow.png */; };
		955E431E11747CF000FF2B8F /* RollSheetAddNoteController.m in Sources */ = {isa = PBXBuildFile; fileRef = 955E431C11747CF000FF2B8F /* RollSheetAddNoteController.m */; };
		955E431F11747CF000FF2B8F /* RollSheetAddNoteController.xib in Resources */ = {isa = PBXBuildFile; fileRef = 955E431D11747CF000FF2B8F /* RollSheetAddNoteController.xib */; };
		9594A276116A9876008AC99A /* AddRollSheetViewController.m in Sources */ = {isa = PBXBuildFile; fileRef = 9594A274116A9876008AC99A /* AddRollSheetViewController.m */; };
		9594A277116A9876008AC99A /* AddRollSheetViewController.xib in Resources */ = {isa = PBXBuildFile; fileRef = 9594A275116A9876008AC99A /* AddRollSheetViewController.xib */; };
		9594A2FB116AA569008AC99A /* AddCourseNameViewController.m in Sources */ = {isa = PBXBuildFile; fileRef = 9594A2F9116AA569008AC99A /* AddCourseNameViewController.m */; };
		9594A2FC116AA569008AC99A /* AddCourseNameViewController.xib in Resources */ = {isa = PBXBuildFile; fileRef = 9594A2FA116AA569008AC99A /* AddCourseNameViewController.xib */; };
		9594A39E116ABBFE008AC99A /* AttendanceTableViewController.m in Sources */ = {isa = PBXBuildFile; fileRef = 9594A39C116ABBFE008AC99A /* AttendanceTableViewController.m */; };
		9594A39F116ABBFE008AC99A /* AttendanceTableViewController.xib in Resources */ = {isa = PBXBuildFile; fileRef = 9594A39D116ABBFE008AC99A /* AttendanceTableViewController.xib */; };
		95A84286115A54A0002C6FCB /* AddStudentViewController.m in Sources */ = {isa = PBXBuildFile; fileRef = 95A84284115A54A0002C6FCB /* AddStudentViewController.m */; };
		95A84287115A54A0002C6FCB /* AddStudentViewController.xib in Resources */ = {isa = PBXBuildFile; fileRef = 95A84285115A54A0002C6FCB /* AddStudentViewController.xib */; };
		95B5B82C11772B0E00A4A356 /* RollSheetInfoViewController.m in Sources */ = {isa = PBXBuildFile; fileRef = 95B5B82A11772B0E00A4A356 /* RollSheetInfoViewController.m */; };
		95B5B82D11772B0E00A4A356 /* RollSheetInfoViewController.xib in Resources */ = {isa = PBXBuildFile; fileRef = 95B5B82B11772B0E00A4A356 /* RollSheetInfoViewController.xib */; };
		95BE6A0A11683BFE00764D65 /* RollSheetInstance.m in Sources */ = {isa = PBXBuildFile; fileRef = 95BE6A0811683BFE00764D65 /* RollSheetInstance.m */; };
		95BE6A0B11683BFE00764D65 /* RollSheetInstance.xib in Resources */ = {isa = PBXBuildFile; fileRef = 95BE6A0911683BFE00764D65 /* RollSheetInstance.xib */; };
		95BE6B3B1168794500764D65 /* bar.png in Resources */ = {isa = PBXBuildFile; fileRef = 95BE6B3A1168794500764D65 /* bar.png */; };
		95BE6B49116886E500764D65 /* arrow_down.png in Resources */ = {isa = PBXBuildFile; fileRef = 95BE6B47116886E500764D65 /* arrow_down.png */; };
		95BE6B4A116886E500764D65 /* arrow_up.png in Resources */ = {isa = PBXBuildFile; fileRef = 95BE6B48116886E500764D65 /* arrow_up.png */; };
		95BE6B551168880400764D65 /* arrow_left_up.png in Resources */ = {isa = PBXBuildFile; fileRef = 95BE6B531168880400764D65 /* arrow_left_up.png */; };
		95BE6B561168880400764D65 /* arrows_left_down.png in Resources */ = {isa = PBXBuildFile; fileRef = 95BE6B541168880400764D65 /* arrows_left_down.png */; };
		95BE6B9111689AF700764D65 /* attendance_p.png in Resources */ = {isa = PBXBuildFile; fileRef = 95BE6B9011689AF700764D65 /* attendance_p.png */; };
		95CAD9B61158092400CBC9E9 /* ClassesViewController.xib in Resources */ = {isa = PBXBuildFile; fileRef = 95CAD9B41158092400CBC9E9 /* ClassesViewController.xib */; };
		95CAD9EC11580F2300CBC9E9 /* StudentsViewController.m in Sources */ = {isa = PBXBuildFile; fileRef = 95CAD9EA11580F2300CBC9E9 /* StudentsViewController.m */; };
		95CAD9ED11580F2300CBC9E9 /* StudentsViewController.xib in Resources */ = {isa = PBXBuildFile; fileRef = 95CAD9EB11580F2300CBC9E9 /* StudentsViewController.xib */; };
		95CADA501158457500CBC9E9 /* StudentViewController.m in Sources */ = {isa = PBXBuildFile; fileRef = 95CADA4E1158457500CBC9E9 /* StudentViewController.m */; };
		95CADA511158457500CBC9E9 /* StudentViewController.xib in Resources */ = {isa = PBXBuildFile; fileRef = 95CADA4F1158457500CBC9E9 /* StudentViewController.xib */; };
		95E6B2EF1189524500C3F6B3 /* kal_grid_background.png in Resources */ = {isa = PBXBuildFile; fileRef = 95E6B2CB1189524500C3F6B3 /* kal_grid_background.png */; };
		95E6B2F01189524500C3F6B3 /* kal_grid_shadow.png in Resources */ = {isa = PBXBuildFile; fileRef = 95E6B2CC1189524500C3F6B3 /* kal_grid_shadow.png */; };
		95E6B2F11189524500C3F6B3 /* kal_header_text_fill.png in Resources */ = {isa = PBXBuildFile; fileRef = 95E6B2CD1189524500C3F6B3 /* kal_header_text_fill.png */; };
		95E6B2F21189524500C3F6B3 /* kal_left_arrow.png in Resources */ = {isa = PBXBuildFile; fileRef = 95E6B2CE1189524500C3F6B3 /* kal_left_arrow.png */; };
		95E6B2F31189524500C3F6B3 /* kal_marker.png in Resources */ = {isa = PBXBuildFile; fileRef = 95E6B2CF1189524500C3F6B3 /* kal_marker.png */; };
		95E6B2F41189524500C3F6B3 /* kal_marker_dim.png in Resources */ = {isa = PBXBuildFile; fileRef = 95E6B2D01189524500C3F6B3 /* kal_marker_dim.png */; };
		95E6B2F51189524500C3F6B3 /* kal_marker_selected.png in Resources */ = {isa = PBXBuildFile; fileRef = 95E6B2D11189524500C3F6B3 /* kal_marker_selected.png */; };
		95E6B2F61189524500C3F6B3 /* kal_marker_today.png in Resources */ = {isa = PBXBuildFile; fileRef = 95E6B2D21189524500C3F6B3 /* kal_marker_today.png */; };
		95E6B2F71189524500C3F6B3 /* kal_right_arrow.png in Resources */ = {isa = PBXBuildFile; fileRef = 95E6B2D31189524500C3F6B3 /* kal_right_arrow.png */; };
		95E6B2F81189524500C3F6B3 /* kal_tile.png in Resources */ = {isa = PBXBuildFile; fileRef = 95E6B2D41189524500C3F6B3 /* kal_tile.png */; };
		95E6B2F91189524500C3F6B3 /* kal_tile_dim_text_fill.png in Resources */ = {isa = PBXBuildFile; fileRef = 95E6B2D51189524500C3F6B3 /* kal_tile_dim_text_fill.png */; };
		95E6B2FA1189524500C3F6B3 /* kal_tile_selected.png in Resources */ = {isa = PBXBuildFile; fileRef = 95E6B2D61189524500C3F6B3 /* kal_tile_selected.png */; };
		95E6B2FB1189524500C3F6B3 /* kal_tile_text_fill.png in Resources */ = {isa = PBXBuildFile; fileRef = 95E6B2D71189524500C3F6B3 /* kal_tile_text_fill.png */; };
		95E6B2FC1189524500C3F6B3 /* kal_tile_today.png in Resources */ = {isa = PBXBuildFile; fileRef = 95E6B2D81189524500C3F6B3 /* kal_tile_today.png */; };
		95E6B2FD1189524500C3F6B3 /* kal_tile_today_selected.png in Resources */ = {isa = PBXBuildFile; fileRef = 95E6B2D91189524500C3F6B3 /* kal_tile_today_selected.png */; };
		95E6B2FE1189524500C3F6B3 /* KalDataSource.m in Sources */ = {isa = PBXBuildFile; fileRef = 95E6B2DB1189524500C3F6B3 /* KalDataSource.m */; };
		95E6B2FF1189524500C3F6B3 /* KalDate.m in Sources */ = {isa = PBXBuildFile; fileRef = 95E6B2DD1189524500C3F6B3 /* KalDate.m */; };
		95E6B3001189524500C3F6B3 /* KalGridView.m in Sources */ = {isa = PBXBuildFile; fileRef = 95E6B2DF1189524500C3F6B3 /* KalGridView.m */; };
		95E6B3011189524500C3F6B3 /* KalLogic.m in Sources */ = {isa = PBXBuildFile; fileRef = 95E6B2E11189524500C3F6B3 /* KalLogic.m */; };
		95E6B3021189524500C3F6B3 /* KalMonthView.m in Sources */ = {isa = PBXBuildFile; fileRef = 95E6B2E31189524500C3F6B3 /* KalMonthView.m */; };
		95E6B3031189524500C3F6B3 /* KalTileView.m in Sources */ = {isa = PBXBuildFile; fileRef = 95E6B2E61189524500C3F6B3 /* KalTileView.m */; };
		95E6B3041189524500C3F6B3 /* KalView.m in Sources */ = {isa = PBXBuildFile; fileRef = 95E6B2E81189524500C3F6B3 /* KalView.m */; };
		95E6B3051189524500C3F6B3 /* KalViewController.m in Sources */ = {isa = PBXBuildFile; fileRef = 95E6B2EA1189524500C3F6B3 /* KalViewController.m */; };
		95E6B3061189524500C3F6B3 /* NSDateAdditions.m in Sources */ = {isa = PBXBuildFile; fileRef = 95E6B2EC1189524500C3F6B3 /* NSDateAdditions.m */; };
		95E6B3071189524500C3F6B3 /* UIViewAdditions.m in Sources */ = {isa = PBXBuildFile; fileRef = 95E6B2EE1189524500C3F6B3 /* UIViewAdditions.m */; };
		95E6B3201189525B00C3F6B3 /* GraphController.m in Sources */ = {isa = PBXBuildFile; fileRef = 95E6B30C1189525B00C3F6B3 /* GraphController.m */; };
		95E6B3211189525B00C3F6B3 /* NSStringAdditions.m in Sources */ = {isa = PBXBuildFile; fileRef = 95E6B30E1189525B00C3F6B3 /* NSStringAdditions.m */; };
		95E6B3221189525B00C3F6B3 /* TapkuLibrary.bundle in Resources */ = {isa = PBXBuildFile; fileRef = 95E6B30F1189525B00C3F6B3 /* TapkuLibrary.bundle */; };
		95E6B3231189525B00C3F6B3 /* TKGlobal.m in Sources */ = {isa = PBXBuildFile; fileRef = 95E6B3111189525B00C3F6B3 /* TKGlobal.m */; };
		95E6B3241189525B00C3F6B3 /* TKGraphController.m in Sources */ = {isa = PBXBuildFile; fileRef = 95E6B3131189525B00C3F6B3 /* TKGraphController.m */; };
		95E6B3251189525B00C3F6B3 /* TKGraphView.m in Sources */ = {isa = PBXBuildFile; fileRef = 95E6B3151189525B00C3F6B3 /* TKGraphView.m */; };
		95E6B3261189525B00C3F6B3 /* TKOverviewHeaderView.m in Sources */ = {isa = PBXBuildFile; fileRef = 95E6B3171189525B00C3F6B3 /* TKOverviewHeaderView.m */; };
		95E6B3271189525B00C3F6B3 /* TKOverviewIndicatorView.m in Sources */ = {isa = PBXBuildFile; fileRef = 95E6B3191189525B00C3F6B3 /* TKOverviewIndicatorView.m */; };
		95E6B3281189525B00C3F6B3 /* TKOverviewTableViewController.m in Sources */ = {isa = PBXBuildFile; fileRef = 95E6B31B1189525B00C3F6B3 /* TKOverviewTableViewController.m */; };
		95E6B3291189525B00C3F6B3 /* UIImageAdditions.m in Sources */ = {isa = PBXBuildFile; fileRef = 95E6B31D1189525B00C3F6B3 /* UIImageAdditions.m */; };
		95E6B32A1189525B00C3F6B3 /* UIViewAdditions.m in Sources */ = {isa = PBXBuildFile; fileRef = 95E6B31F1189525B00C3F6B3 /* UIViewAdditions.m */; };
		95EC80CD1168B01D00DA720F /* note_on.png in Resources */ = {isa = PBXBuildFile; fileRef = 95EC80CB1168B01D00DA720F /* note_on.png */; };
		95EC80CE1168B01D00DA720F /* note_outline.png in Resources */ = {isa = PBXBuildFile; fileRef = 95EC80CC1168B01D00DA720F /* note_outline.png */; };
		95EC80D01168B08E00DA720F /* AttendanceTableCell.xib in Resources */ = {isa = PBXBuildFile; fileRef = 95EC80CF1168B08E00DA720F /* AttendanceTableCell.xib */; };
		95EC81971168D0E600DA720F /* DebugViewController.m in Sources */ = {isa = PBXBuildFile; fileRef = 95EC81951168D0E600DA720F /* DebugViewController.m */; };
		95EC81981168D0E600DA720F /* DebugViewController.xib in Resources */ = {isa = PBXBuildFile; fileRef = 95EC81961168D0E600DA720F /* DebugViewController.xib */; };
		95EC83711169108800DA720F /* Course.m in Sources */ = {isa = PBXBuildFile; fileRef = 95EC836A1169108800DA720F /* Course.m */; };
		95EC83731169108800DA720F /* Student.m in Sources */ = {isa = PBXBuildFile; fileRef = 95EC836E1169108800DA720F /* Student.m */; };
		95EC881E1169E73E00DA720F /* classes.png in Resources */ = {isa = PBXBuildFile; fileRef = 95EC881C1169E73E00DA720F /* classes.png */; };
		95EC881F1169E73E00DA720F /* students.png in Resources */ = {isa = PBXBuildFile; fileRef = 95EC881D1169E73E00DA720F /* students.png */; };
		95EC88221169EA3E00DA720F /* notepad.png in Resources */ = {isa = PBXBuildFile; fileRef = 95EC88211169EA3E00DA720F /* notepad.png */; };
/* End PBXBuildFile section */

/* Begin PBXFileReference section */
		1D30AB110D05D00D00671497 /* Foundation.framework */ = {isa = PBXFileReference; lastKnownFileType = wrapper.framework; name = Foundation.framework; path = System/Library/Frameworks/Foundation.framework; sourceTree = SDKROOT; };
		1D3623240D0F684500981E51 /* Roll_CallAppDelegate.h */ = {isa = PBXFileReference; fileEncoding = 4; lastKnownFileType = sourcecode.c.h; name = Roll_CallAppDelegate.h; path = Classes/Roll_CallAppDelegate.h; sourceTree = "<group>"; };
		1D3623250D0F684500981E51 /* Roll_CallAppDelegate.m */ = {isa = PBXFileReference; fileEncoding = 4; lastKnownFileType = sourcecode.c.objc; name = Roll_CallAppDelegate.m; path = Classes/Roll_CallAppDelegate.m; sourceTree = "<group>"; };
		1DF5F4DF0D08C38300B7A737 /* UIKit.framework */ = {isa = PBXFileReference; lastKnownFileType = wrapper.framework; name = UIKit.framework; path = System/Library/Frameworks/UIKit.framework; sourceTree = SDKROOT; };
		288765070DF74369002DB57D /* CoreGraphics.framework */ = {isa = PBXFileReference; lastKnownFileType = wrapper.framework; name = CoreGraphics.framework; path = System/Library/Frameworks/CoreGraphics.framework; sourceTree = SDKROOT; };
		28A0AB4B0D9B1048005BE974 /* Roll_Call_Prefix.pch */ = {isa = PBXFileReference; fileEncoding = 4; lastKnownFileType = sourcecode.c.h; path = Roll_Call_Prefix.pch; sourceTree = "<group>"; };
		28AD73870D9D96C1002E5188 /* MainWindow.xib */ = {isa = PBXFileReference; lastKnownFileType = file.xib; path = MainWindow.xib; sourceTree = "<group>"; };
		29B97316FDCFA39411CA2CEA /* main.m */ = {isa = PBXFileReference; fileEncoding = 4; lastKnownFileType = sourcecode.c.objc; path = main.m; sourceTree = "<group>"; };
		5A1B89E7116A09C300E979FF /* AddAddressViewController.h */ = {isa = PBXFileReference; fileEncoding = 4; lastKnownFileType = sourcecode.c.h; path = AddAddressViewController.h; sourceTree = "<group>"; };
		5A1B89E8116A09C300E979FF /* AddAddressViewController.m */ = {isa = PBXFileReference; fileEncoding = 4; lastKnownFileType = sourcecode.c.objc; path = AddAddressViewController.m; sourceTree = "<group>"; };
		5A1B89E9116A09C300E979FF /* AddAddressViewController.xib */ = {isa = PBXFileReference; lastKnownFileType = file.xib; path = AddAddressViewController.xib; sourceTree = "<group>"; };
		5A1B89EA116A09C300E979FF /* AddCourseViewController.h */ = {isa = PBXFileReference; fileEncoding = 4; lastKnownFileType = sourcecode.c.h; path = AddCourseViewController.h; sourceTree = "<group>"; };
		5A1B89EB116A09C300E979FF /* AddCourseViewController.m */ = {isa = PBXFileReference; fileEncoding = 4; lastKnownFileType = sourcecode.c.objc; path = AddCourseViewController.m; sourceTree = "<group>"; };
		5A1B89EC116A09C300E979FF /* AddCourseViewController.xib */ = {isa = PBXFileReference; lastKnownFileType = file.xib; path = AddCourseViewController.xib; sourceTree = "<group>"; };
		5A1B89ED116A09C300E979FF /* AddEmailViewController.h */ = {isa = PBXFileReference; fileEncoding = 4; lastKnownFileType = sourcecode.c.h; path = AddEmailViewController.h; sourceTree = "<group>"; };
		5A1B89EE116A09C300E979FF /* AddEmailViewController.m */ = {isa = PBXFileReference; fileEncoding = 4; lastKnownFileType = sourcecode.c.objc; path = AddEmailViewController.m; sourceTree = "<group>"; };
		5A1B89EF116A09C300E979FF /* AddEmailViewController.xib */ = {isa = PBXFileReference; lastKnownFileType = file.xib; path = AddEmailViewController.xib; sourceTree = "<group>"; };
		5A1B89F0116A09C300E979FF /* AddPhoneViewController.h */ = {isa = PBXFileReference; fileEncoding = 4; lastKnownFileType = sourcecode.c.h; path = AddPhoneViewController.h; sourceTree = "<group>"; };
		5A1B89F1116A09C300E979FF /* AddPhoneViewController.m */ = {isa = PBXFileReference; fileEncoding = 4; lastKnownFileType = sourcecode.c.objc; path = AddPhoneViewController.m; sourceTree = "<group>"; };
		5A1B89F2116A09C300E979FF /* AddPhoneViewController.xib */ = {isa = PBXFileReference; lastKnownFileType = file.xib; path = AddPhoneViewController.xib; sourceTree = "<group>"; };
		5A1B89F3116A09C300E979FF /* Address.h */ = {isa = PBXFileReference; fileEncoding = 4; lastKnownFileType = sourcecode.c.h; path = Address.h; sourceTree = "<group>"; };
		5A1B89F4116A09C300E979FF /* Address.m */ = {isa = PBXFileReference; fileEncoding = 4; lastKnownFileType = sourcecode.c.objc; path = Address.m; sourceTree = "<group>"; };
		5A1B89F5116A09C300E979FF /* StudentHeaderView.xib */ = {isa = PBXFileReference; lastKnownFileType = file.xib; path = StudentHeaderView.xib; sourceTree = "<group>"; };
		5A1B8A2E116A0BC100E979FF /* deafultphoto.JPG */ = {isa = PBXFileReference; lastKnownFileType = image.jpeg; path = deafultphoto.JPG; sourceTree = "<group>"; };
		5A3911C1116759EB003EF6F8 /* AddStudentHeaderView.xib */ = {isa = PBXFileReference; lastKnownFileType = file.xib; path = AddStudentHeaderView.xib; sourceTree = "<group>"; };
		5A39130D11678C06003EF6F8 /* addphoto.jpg */ = {isa = PBXFileReference; lastKnownFileType = image.jpeg; path = addphoto.jpg; sourceTree = "<group>"; };
		5A7B2E8711674DD4004332A7 /* AddStudentNameViewController.h */ = {isa = PBXFileReference; fileEncoding = 4; lastKnownFileType = sourcecode.c.h; path = AddStudentNameViewController.h; sourceTree = "<group>"; };
		5A7B2E8811674DD4004332A7 /* AddStudentNameViewController.m */ = {isa = PBXFileReference; fileEncoding = 4; lastKnownFileType = sourcecode.c.objc; path = AddStudentNameViewController.m; sourceTree = "<group>"; };
		5A7B2E8911674DD4004332A7 /* AddStudentNameViewController.xib */ = {isa = PBXFileReference; lastKnownFileType = file.xib; path = AddStudentNameViewController.xib; sourceTree = "<group>"; };
		5AB095551167F60C00E0CB9F /* AddStudentNameTableCell.h */ = {isa = PBXFileReference; fileEncoding = 4; lastKnownFileType = sourcecode.c.h; path = AddStudentNameTableCell.h; sourceTree = "<group>"; };
		5AB095561167F60C00E0CB9F /* AddStudentNameTableCell.m */ = {isa = PBXFileReference; fileEncoding = 4; lastKnownFileType = sourcecode.c.objc; path = AddStudentNameTableCell.m; sourceTree = "<group>"; };
		5AB095651167F75000E0CB9F /* AddStudentNameTableCell.xib */ = {isa = PBXFileReference; lastKnownFileType = file.xib; path = AddStudentNameTableCell.xib; sourceTree = "<group>"; };
		5AB09646116801F300E0CB9F /* Roll Call.app */ = {isa = PBXFileReference; explicitFileType = wrapper.application; includeInIndex = 0; path = "Roll Call.app"; sourceTree = BUILT_PRODUCTS_DIR; };
		5AB097471168129B00E0CB9F /* RollSheetViewController.h */ = {isa = PBXFileReference; fileEncoding = 4; lastKnownFileType = sourcecode.c.h; path = RollSheetViewController.h; sourceTree = "<group>"; };
		5AB097481168129B00E0CB9F /* RollSheetViewController.m */ = {isa = PBXFileReference; fileEncoding = 4; lastKnownFileType = sourcecode.c.objc; path = RollSheetViewController.m; sourceTree = "<group>"; };
		5AB097491168129B00E0CB9F /* RollSheetViewController.xib */ = {isa = PBXFileReference; lastKnownFileType = file.xib; path = RollSheetViewController.xib; sourceTree = "<group>"; };
		5AB0974C116812A500E0CB9F /* RollCallDataModel.xcdatamodel */ = {isa = PBXFileReference; fileEncoding = 4; lastKnownFileType = wrapper.xcdatamodel; name = RollCallDataModel.xcdatamodel; path = Classes/RollCallDataModel.xcdatamodel; sourceTree = "<group>"; };
		5AB097671168145600E0CB9F /* CoreData.framework */ = {isa = PBXFileReference; lastKnownFileType = wrapper.framework; name = CoreData.framework; path = System/Library/Frameworks/CoreData.framework; sourceTree = SDKROOT; };
		8D1107310486CEB800E47090 /* Roll_Call-Info.plist */ = {isa = PBXFileReference; fileEncoding = 4; lastKnownFileType = text.plist.xml; path = "Roll_Call-Info.plist"; plistStructureDefinitionIdentifier = "com.apple.xcode.plist.structure-definition.iphone.info-plist"; sourceTree = "<group>"; };
		9509E09E117F81BF00A468EB /* gear.png */ = {isa = PBXFileReference; lastKnownFileType = image.png; path = gear.png; sourceTree = "<group>"; };
		9509E0A1117F862600A468EB /* sync.png */ = {isa = PBXFileReference; lastKnownFileType = image.png; path = sync.png; sourceTree = "<group>"; };
		9509E0B3117F88B100A468EB /* SettingsViewController.h */ = {isa = PBXFileReference; fileEncoding = 4; lastKnownFileType = sourcecode.c.h; path = SettingsViewController.h; sourceTree = "<group>"; };
		9509E0B4117F88B100A468EB /* SettingsViewController.m */ = {isa = PBXFileReference; fileEncoding = 4; lastKnownFileType = sourcecode.c.objc; path = SettingsViewController.m; sourceTree = "<group>"; };
		9509E0B5117F88B100A468EB /* SettingsViewController.xib */ = {isa = PBXFileReference; lastKnownFileType = file.xib; path = SettingsViewController.xib; sourceTree = "<group>"; };
		952086A4118AC08C00F12AB9 /* QuartzCore.framework */ = {isa = PBXFileReference; lastKnownFileType = wrapper.framework; name = QuartzCore.framework; path = System/Library/Frameworks/QuartzCore.framework; sourceTree = SDKROOT; };
		952086C4118ACBA000F12AB9 /* NoteViewController.h */ = {isa = PBXFileReference; fileEncoding = 4; lastKnownFileType = sourcecode.c.h; path = NoteViewController.h; sourceTree = "<group>"; };
		952086C5118ACBA000F12AB9 /* NoteViewController.m */ = {isa = PBXFileReference; fileEncoding = 4; lastKnownFileType = sourcecode.c.objc; path = NoteViewController.m; sourceTree = "<group>"; };
		952086C6118ACBA000F12AB9 /* NoteViewController.xib */ = {isa = PBXFileReference; lastKnownFileType = file.xib; path = NoteViewController.xib; sourceTree = "<group>"; };
		952086C9118ACBB800F12AB9 /* KalViewDataSource.h */ = {isa = PBXFileReference; fileEncoding = 4; lastKnownFileType = sourcecode.c.h; path = KalViewDataSource.h; sourceTree = "<group>"; };
		952086CA118ACBB800F12AB9 /* KalViewDataSource.m */ = {isa = PBXFileReference; fileEncoding = 4; lastKnownFileType = sourcecode.c.objc; path = KalViewDataSource.m; sourceTree = "<group>"; };
		952086DB118ACC7400F12AB9 /* AttendanceEditViewController.h */ = {isa = PBXFileReference; fileEncoding = 4; lastKnownFileType = sourcecode.c.h; path = AttendanceEditViewController.h; sourceTree = "<group>"; };
		952086DC118ACC7400F12AB9 /* AttendanceEditViewController.m */ = {isa = PBXFileReference; fileEncoding = 4; lastKnownFileType = sourcecode.c.objc; path = AttendanceEditViewController.m; sourceTree = "<group>"; };
		95208789118AD50400F12AB9 /* AttendanceCell.xib */ = {isa = PBXFileReference; lastKnownFileType = file.xib; path = AttendanceCell.xib; sourceTree = "<group>"; };
		952087D3118AD5C000F12AB9 /* ChatTableCell.xib */ = {isa = PBXFileReference; lastKnownFileType = file.xib; path = ChatTableCell.xib; sourceTree = "<group>"; };
		952087DD118AD61300F12AB9 /* icon_chart_lg.png */ = {isa = PBXFileReference; lastKnownFileType = image.png; path = icon_chart_lg.png; sourceTree = "<group>"; };
		952087E7118AD67E00F12AB9 /* DeleteTableCell.xib */ = {isa = PBXFileReference; lastKnownFileType = file.xib; path = DeleteTableCell.xib; sourceTree = "<group>"; };
		95345134118BDA9A006EF65B /* ChangeDateViewController.h */ = {isa = PBXFileReference; fileEncoding = 4; lastKnownFileType = sourcecode.c.h; path = ChangeDateViewController.h; sourceTree = "<group>"; };
		95345135118BDA9A006EF65B /* ChangeDateViewController.m */ = {isa = PBXFileReference; fileEncoding = 4; lastKnownFileType = sourcecode.c.objc; path = ChangeDateViewController.m; sourceTree = "<group>"; };
		95345136118BDA9A006EF65B /* ChangeDateViewController.xib */ = {isa = PBXFileReference; lastKnownFileType = file.xib; path = ChangeDateViewController.xib; sourceTree = "<group>"; };
		95345248118C00AA006EF65B /* StatusInstanceViewController.h */ = {isa = PBXFileReference; fileEncoding = 4; lastKnownFileType = sourcecode.c.h; path = StatusInstanceViewController.h; sourceTree = "<group>"; };
		95345249118C00AA006EF65B /* StatusInstanceViewController.m */ = {isa = PBXFileReference; fileEncoding = 4; lastKnownFileType = sourcecode.c.objc; path = StatusInstanceViewController.m; sourceTree = "<group>"; };
		9534524A118C00AA006EF65B /* StatusInstanceViewController.xib */ = {isa = PBXFileReference; lastKnownFileType = file.xib; path = StatusInstanceViewController.xib; sourceTree = "<group>"; };
		953452B8118C16F9006EF65B /* EditTextFieldViewController.h */ = {isa = PBXFileReference; fileEncoding = 4; lastKnownFileType = sourcecode.c.h; path = EditTextFieldViewController.h; sourceTree = "<group>"; };
		953452B9118C16F9006EF65B /* EditTextFieldViewController.m */ = {isa = PBXFileReference; fileEncoding = 4; lastKnownFileType = sourcecode.c.objc; path = EditTextFieldViewController.m; sourceTree = "<group>"; };
		953452BA118C16F9006EF65B /* EditTextFieldViewController.xib */ = {isa = PBXFileReference; lastKnownFileType = file.xib; path = EditTextFieldViewController.xib; sourceTree = "<group>"; };
		953454D5118C5A26006EF65B /* EditStatusColorViewController.h */ = {isa = PBXFileReference; fileEncoding = 4; lastKnownFileType = sourcecode.c.h; path = EditStatusColorViewController.h; sourceTree = "<group>"; };
		953454D6118C5A26006EF65B /* EditStatusColorViewController.m */ = {isa = PBXFileReference; fileEncoding = 4; lastKnownFileType = sourcecode.c.objc; path = EditStatusColorViewController.m; sourceTree = "<group>"; };
		953454D7118C5A26006EF65B /* EditStatusColorViewController.xib */ = {isa = PBXFileReference; lastKnownFileType = file.xib; path = EditStatusColorViewController.xib; sourceTree = "<group>"; };
		9534558B118C6A83006EF65B /* button_gray.png */ = {isa = PBXFileReference; lastKnownFileType = image.png; path = button_gray.png; sourceTree = "<group>"; };
		9534558C118C6A83006EF65B /* button_purple.png */ = {isa = PBXFileReference; lastKnownFileType = image.png; path = button_purple.png; sourceTree = "<group>"; };
		9534558D118C6A83006EF65B /* button_white.png */ = {isa = PBXFileReference; lastKnownFileType = image.png; path = button_white.png; sourceTree = "<group>"; };
		95345591118C6A88006EF65B /* button_orange.png */ = {isa = PBXFileReference; lastKnownFileType = image.png; path = button_orange.png; sourceTree = "<group>"; };
		953455EE118C700A006EF65B /* KalViewCell.xib */ = {isa = PBXFileReference; lastKnownFileType = file.xib; name = KalViewCell.xib; path = ../Classes/KalViewCell.xib; sourceTree = "<group>"; };
		953455EF118C700A006EF65B /* NotesTableCell.xib */ = {isa = PBXFileReference; lastKnownFileType = file.xib; name = NotesTableCell.xib; path = ../Classes/NotesTableCell.xib; sourceTree = "<group>"; };
		953455F0118C700A006EF65B /* ind_y_l.png */ = {isa = PBXFileReference; lastKnownFileType = image.png; path = ind_y_l.png; sourceTree = SOURCE_ROOT; };
		953455F1118C700A006EF65B /* ind_y_m.png */ = {isa = PBXFileReference; lastKnownFileType = image.png; path = ind_y_m.png; sourceTree = SOURCE_ROOT; };
		953455F2118C700A006EF65B /* ind_y_r.png */ = {isa = PBXFileReference; lastKnownFileType = image.png; path = ind_y_r.png; sourceTree = SOURCE_ROOT; };
		95345632118C7BE6006EF65B /* AddStatusViewController.h */ = {isa = PBXFileReference; fileEncoding = 4; lastKnownFileType = sourcecode.c.h; path = AddStatusViewController.h; sourceTree = "<group>"; };
		95345633118C7BE6006EF65B /* AddStatusViewController.m */ = {isa = PBXFileReference; fileEncoding = 4; lastKnownFileType = sourcecode.c.objc; path = AddStatusViewController.m; sourceTree = "<group>"; };
		95345634118C7BE6006EF65B /* AddStatusViewController.xib */ = {isa = PBXFileReference; lastKnownFileType = file.xib; path = AddStatusViewController.xib; sourceTree = "<group>"; };
		953458C8118CDCCB006EF65B /* EnrollStudentsViewController.h */ = {isa = PBXFileReference; fileEncoding = 4; lastKnownFileType = sourcecode.c.h; path = EnrollStudentsViewController.h; sourceTree = "<group>"; };
		953458C9118CDCCB006EF65B /* EnrollStudentsViewController.m */ = {isa = PBXFileReference; fileEncoding = 4; lastKnownFileType = sourcecode.c.objc; path = EnrollStudentsViewController.m; sourceTree = "<group>"; };
		953458CA118CDCCB006EF65B /* EnrollStudentsViewController.xib */ = {isa = PBXFileReference; lastKnownFileType = file.xib; path = EnrollStudentsViewController.xib; sourceTree = "<group>"; };
		95345E5F118EA7BF006EF65B /* ABTableViewCell.h */ = {isa = PBXFileReference; fileEncoding = 4; lastKnownFileType = sourcecode.c.h; path = ABTableViewCell.h; sourceTree = "<group>"; };
		95345E60118EA7BF006EF65B /* ABTableViewCell.m */ = {isa = PBXFileReference; fileEncoding = 4; lastKnownFileType = sourcecode.c.objc; path = ABTableViewCell.m; sourceTree = "<group>"; };
		95345E65118EA7FC006EF65B /* AttendanceViewCell.h */ = {isa = PBXFileReference; fileEncoding = 4; lastKnownFileType = sourcecode.c.h; path = AttendanceViewCell.h; sourceTree = "<group>"; };
		95345E66118EA7FC006EF65B /* AttendanceViewCell.m */ = {isa = PBXFileReference; fileEncoding = 4; lastKnownFileType = sourcecode.c.objc; path = AttendanceViewCell.m; sourceTree = "<group>"; };
		95345E89118EACCC006EF65B /* CustomCell.h */ = {isa = PBXFileReference; fileEncoding = 4; lastKnownFileType = sourcecode.c.h; name = CustomCell.h; path = "../../../../../../Downloads/CustomTableCell-States-Code/States-IB/Classes/CustomCell.h"; sourceTree = SOURCE_ROOT; };
		95345E8A118EACCC006EF65B /* CustomCell.m */ = {isa = PBXFileReference; fileEncoding = 4; lastKnownFileType = sourcecode.c.objc; name = CustomCell.m; path = "../../../../../../Downloads/CustomTableCell-States-Code/States-IB/Classes/CustomCell.m"; sourceTree = SOURCE_ROOT; };
		95346113118F5739006EF65B /* MessageUI.framework */ = {isa = PBXFileReference; lastKnownFileType = wrapper.framework; name = MessageUI.framework; path = System/Library/Frameworks/MessageUI.framework; sourceTree = SDKROOT; };
		9534621A118FA7E4006EF65B /* logo.png */ = {isa = PBXFileReference; lastKnownFileType = image.png; path = logo.png; sourceTree = "<group>"; };
		955E41751174129700FF2B8F /* RollSheetTableCell.h */ = {isa = PBXFileReference; fileEncoding = 4; lastKnownFileType = sourcecode.c.h; path = RollSheetTableCell.h; sourceTree = "<group>"; };
		955E41761174129700FF2B8F /* RollSheetTableCell.m */ = {isa = PBXFileReference; fileEncoding = 4; lastKnownFileType = sourcecode.c.objc; path = RollSheetTableCell.m; sourceTree = "<group>"; };
		955E4178117412AB00FF2B8F /* RollSheetTableCell.xib */ = {isa = PBXFileReference; lastKnownFileType = file.xib; path = RollSheetTableCell.xib; sourceTree = "<group>"; };
		955E41F11174273900FF2B8F /* cell_background.png */ = {isa = PBXFileReference; lastKnownFileType = image.png; path = cell_background.png; sourceTree = "<group>"; };
		955E42021174296800FF2B8F /* button_green.png */ = {isa = PBXFileReference; lastKnownFileType = image.png; path = button_green.png; sourceTree = "<group>"; };
		955E424E1174461000FF2B8F /* Presence.h */ = {isa = PBXFileReference; fileEncoding = 4; lastKnownFileType = sourcecode.c.h; path = Presence.h; sourceTree = "<group>"; };
		955E424F1174461000FF2B8F /* Presence.m */ = {isa = PBXFileReference; fileEncoding = 4; lastKnownFileType = sourcecode.c.objc; path = Presence.m; sourceTree = "<group>"; };
		955E42501174461000FF2B8F /* Status.h */ = {isa = PBXFileReference; fileEncoding = 4; lastKnownFileType = sourcecode.c.h; path = Status.h; sourceTree = "<group>"; };
		955E42511174461000FF2B8F /* Status.m */ = {isa = PBXFileReference; fileEncoding = 4; lastKnownFileType = sourcecode.c.objc; path = Status.m; sourceTree = "<group>"; };
		955E426B11745D8400FF2B8F /* cell_background_down.png */ = {isa = PBXFileReference; lastKnownFileType = image.png; path = cell_background_down.png; sourceTree = "<group>"; };
		955E426D11745DBC00FF2B8F /* button_blue.png */ = {isa = PBXFileReference; lastKnownFileType = image.png; path = button_blue.png; sourceTree = "<group>"; };
		955E426E11745DBC00FF2B8F /* button_green.png */ = {isa = PBXFileReference; lastKnownFileType = image.png; path = button_green.png; sourceTree = "<group>"; };
		955E426F11745DBC00FF2B8F /* button_red.png */ = {isa = PBXFileReference; lastKnownFileType = image.png; path = button_red.png; sourceTree = "<group>"; };
		955E427011745DBC00FF2B8F /* button_yellow.png */ = {isa = PBXFileReference; lastKnownFileType = image.png; path = button_yellow.png; sourceTree = "<group>"; };
		955E431B11747CF000FF2B8F /* RollSheetAddNoteController.h */ = {isa = PBXFileReference; fileEncoding = 4; lastKnownFileType = sourcecode.c.h; path = RollSheetAddNoteController.h; sourceTree = "<group>"; };
		955E431C11747CF000FF2B8F /* RollSheetAddNoteController.m */ = {isa = PBXFileReference; fileEncoding = 4; lastKnownFileType = sourcecode.c.objc; path = RollSheetAddNoteController.m; sourceTree = "<group>"; };
		955E431D11747CF000FF2B8F /* RollSheetAddNoteController.xib */ = {isa = PBXFileReference; lastKnownFileType = file.xib; path = RollSheetAddNoteController.xib; sourceTree = "<group>"; };
		9594A273116A9876008AC99A /* AddRollSheetViewController.h */ = {isa = PBXFileReference; fileEncoding = 4; lastKnownFileType = sourcecode.c.h; path = AddRollSheetViewController.h; sourceTree = "<group>"; };
		9594A274116A9876008AC99A /* AddRollSheetViewController.m */ = {isa = PBXFileReference; fileEncoding = 4; lastKnownFileType = sourcecode.c.objc; path = AddRollSheetViewController.m; sourceTree = "<group>"; };
		9594A275116A9876008AC99A /* AddRollSheetViewController.xib */ = {isa = PBXFileReference; lastKnownFileType = file.xib; path = AddRollSheetViewController.xib; sourceTree = "<group>"; };
		9594A2F8116AA569008AC99A /* AddCourseNameViewController.h */ = {isa = PBXFileReference; fileEncoding = 4; lastKnownFileType = sourcecode.c.h; path = AddCourseNameViewController.h; sourceTree = "<group>"; };
		9594A2F9116AA569008AC99A /* AddCourseNameViewController.m */ = {isa = PBXFileReference; fileEncoding = 4; lastKnownFileType = sourcecode.c.objc; path = AddCourseNameViewController.m; sourceTree = "<group>"; };
		9594A2FA116AA569008AC99A /* AddCourseNameViewController.xib */ = {isa = PBXFileReference; lastKnownFileType = file.xib; path = AddCourseNameViewController.xib; sourceTree = "<group>"; };
		9594A39B116ABBFE008AC99A /* AttendanceTableViewController.h */ = {isa = PBXFileReference; fileEncoding = 4; lastKnownFileType = sourcecode.c.h; path = AttendanceTableViewController.h; sourceTree = "<group>"; };
		9594A39C116ABBFE008AC99A /* AttendanceTableViewController.m */ = {isa = PBXFileReference; fileEncoding = 4; lastKnownFileType = sourcecode.c.objc; path = AttendanceTableViewController.m; sourceTree = "<group>"; };
		9594A39D116ABBFE008AC99A /* AttendanceTableViewController.xib */ = {isa = PBXFileReference; lastKnownFileType = file.xib; path = AttendanceTableViewController.xib; sourceTree = "<group>"; };
		95A84283115A54A0002C6FCB /* AddStudentViewController.h */ = {isa = PBXFileReference; fileEncoding = 4; lastKnownFileType = sourcecode.c.h; path = AddStudentViewController.h; sourceTree = "<group>"; };
		95A84284115A54A0002C6FCB /* AddStudentViewController.m */ = {isa = PBXFileReference; fileEncoding = 4; lastKnownFileType = sourcecode.c.objc; path = AddStudentViewController.m; sourceTree = "<group>"; };
		95A84285115A54A0002C6FCB /* AddStudentViewController.xib */ = {isa = PBXFileReference; lastKnownFileType = file.xib; path = AddStudentViewController.xib; sourceTree = "<group>"; };
		95B5B82911772B0E00A4A356 /* RollSheetInfoViewController.h */ = {isa = PBXFileReference; fileEncoding = 4; lastKnownFileType = sourcecode.c.h; path = RollSheetInfoViewController.h; sourceTree = "<group>"; };
		95B5B82A11772B0E00A4A356 /* RollSheetInfoViewController.m */ = {isa = PBXFileReference; fileEncoding = 4; lastKnownFileType = sourcecode.c.objc; path = RollSheetInfoViewController.m; sourceTree = "<group>"; };
		95B5B82B11772B0E00A4A356 /* RollSheetInfoViewController.xib */ = {isa = PBXFileReference; lastKnownFileType = file.xib; path = RollSheetInfoViewController.xib; sourceTree = "<group>"; };
		95BE6A0711683BFE00764D65 /* RollSheetInstance.h */ = {isa = PBXFileReference; fileEncoding = 4; lastKnownFileType = sourcecode.c.h; path = RollSheetInstance.h; sourceTree = "<group>"; };
		95BE6A0811683BFE00764D65 /* RollSheetInstance.m */ = {isa = PBXFileReference; fileEncoding = 4; lastKnownFileType = sourcecode.c.objc; path = RollSheetInstance.m; sourceTree = "<group>"; };
		95BE6A0911683BFE00764D65 /* RollSheetInstance.xib */ = {isa = PBXFileReference; lastKnownFileType = file.xib; path = RollSheetInstance.xib; sourceTree = "<group>"; };
		95BE6B3A1168794500764D65 /* bar.png */ = {isa = PBXFileReference; lastKnownFileType = image.png; path = bar.png; sourceTree = "<group>"; };
		95BE6B47116886E500764D65 /* arrow_down.png */ = {isa = PBXFileReference; lastKnownFileType = image.png; path = arrow_down.png; sourceTree = "<group>"; };
		95BE6B48116886E500764D65 /* arrow_up.png */ = {isa = PBXFileReference; lastKnownFileType = image.png; path = arrow_up.png; sourceTree = "<group>"; };
		95BE6B531168880400764D65 /* arrow_left_up.png */ = {isa = PBXFileReference; lastKnownFileType = image.png; path = arrow_left_up.png; sourceTree = "<group>"; };
		95BE6B541168880400764D65 /* arrows_left_down.png */ = {isa = PBXFileReference; lastKnownFileType = image.png; path = arrows_left_down.png; sourceTree = "<group>"; };
		95BE6B9011689AF700764D65 /* attendance_p.png */ = {isa = PBXFileReference; lastKnownFileType = image.png; path = attendance_p.png; sourceTree = "<group>"; };
		95CAD9B41158092400CBC9E9 /* ClassesViewController.xib */ = {isa = PBXFileReference; lastKnownFileType = file.xib; name = ClassesViewController.xib; path = Classes/ClassesViewController.xib; sourceTree = "<group>"; };
		95CAD9E911580F2300CBC9E9 /* StudentsViewController.h */ = {isa = PBXFileReference; fileEncoding = 4; lastKnownFileType = sourcecode.c.h; path = StudentsViewController.h; sourceTree = "<group>"; };
		95CAD9EA11580F2300CBC9E9 /* StudentsViewController.m */ = {isa = PBXFileReference; fileEncoding = 4; lastKnownFileType = sourcecode.c.objc; path = StudentsViewController.m; sourceTree = "<group>"; };
		95CAD9EB11580F2300CBC9E9 /* StudentsViewController.xib */ = {isa = PBXFileReference; lastKnownFileType = file.xib; path = StudentsViewController.xib; sourceTree = "<group>"; };
		95CADA4D1158457500CBC9E9 /* StudentViewController.h */ = {isa = PBXFileReference; fileEncoding = 4; lastKnownFileType = sourcecode.c.h; path = StudentViewController.h; sourceTree = "<group>"; };
		95CADA4E1158457500CBC9E9 /* StudentViewController.m */ = {isa = PBXFileReference; fileEncoding = 4; lastKnownFileType = sourcecode.c.objc; path = StudentViewController.m; sourceTree = "<group>"; };
		95CADA4F1158457500CBC9E9 /* StudentViewController.xib */ = {isa = PBXFileReference; lastKnownFileType = file.xib; path = StudentViewController.xib; sourceTree = "<group>"; };
		95E6B2CA1189524500C3F6B3 /* Kal.h */ = {isa = PBXFileReference; fileEncoding = 4; lastKnownFileType = sourcecode.c.h; path = Kal.h; sourceTree = "<group>"; };
		95E6B2CB1189524500C3F6B3 /* kal_grid_background.png */ = {isa = PBXFileReference; lastKnownFileType = image.png; path = kal_grid_background.png; sourceTree = "<group>"; };
		95E6B2CC1189524500C3F6B3 /* kal_grid_shadow.png */ = {isa = PBXFileReference; lastKnownFileType = image.png; path = kal_grid_shadow.png; sourceTree = "<group>"; };
		95E6B2CD1189524500C3F6B3 /* kal_header_text_fill.png */ = {isa = PBXFileReference; lastKnownFileType = image.png; path = kal_header_text_fill.png; sourceTree = "<group>"; };
		95E6B2CE1189524500C3F6B3 /* kal_left_arrow.png */ = {isa = PBXFileReference; lastKnownFileType = image.png; path = kal_left_arrow.png; sourceTree = "<group>"; };
		95E6B2CF1189524500C3F6B3 /* kal_marker.png */ = {isa = PBXFileReference; lastKnownFileType = image.png; path = kal_marker.png; sourceTree = "<group>"; };
		95E6B2D01189524500C3F6B3 /* kal_marker_dim.png */ = {isa = PBXFileReference; lastKnownFileType = image.png; path = kal_marker_dim.png; sourceTree = "<group>"; };
		95E6B2D11189524500C3F6B3 /* kal_marker_selected.png */ = {isa = PBXFileReference; lastKnownFileType = image.png; path = kal_marker_selected.png; sourceTree = "<group>"; };
		95E6B2D21189524500C3F6B3 /* kal_marker_today.png */ = {isa = PBXFileReference; lastKnownFileType = image.png; path = kal_marker_today.png; sourceTree = "<group>"; };
		95E6B2D31189524500C3F6B3 /* kal_right_arrow.png */ = {isa = PBXFileReference; lastKnownFileType = image.png; path = kal_right_arrow.png; sourceTree = "<group>"; };
		95E6B2D41189524500C3F6B3 /* kal_tile.png */ = {isa = PBXFileReference; lastKnownFileType = image.png; path = kal_tile.png; sourceTree = "<group>"; };
		95E6B2D51189524500C3F6B3 /* kal_tile_dim_text_fill.png */ = {isa = PBXFileReference; lastKnownFileType = image.png; path = kal_tile_dim_text_fill.png; sourceTree = "<group>"; };
		95E6B2D61189524500C3F6B3 /* kal_tile_selected.png */ = {isa = PBXFileReference; lastKnownFileType = image.png; path = kal_tile_selected.png; sourceTree = "<group>"; };
		95E6B2D71189524500C3F6B3 /* kal_tile_text_fill.png */ = {isa = PBXFileReference; lastKnownFileType = image.png; path = kal_tile_text_fill.png; sourceTree = "<group>"; };
		95E6B2D81189524500C3F6B3 /* kal_tile_today.png */ = {isa = PBXFileReference; lastKnownFileType = image.png; path = kal_tile_today.png; sourceTree = "<group>"; };
		95E6B2D91189524500C3F6B3 /* kal_tile_today_selected.png */ = {isa = PBXFileReference; lastKnownFileType = image.png; path = kal_tile_today_selected.png; sourceTree = "<group>"; };
		95E6B2DA1189524500C3F6B3 /* KalDataSource.h */ = {isa = PBXFileReference; fileEncoding = 4; lastKnownFileType = sourcecode.c.h; path = KalDataSource.h; sourceTree = "<group>"; };
		95E6B2DB1189524500C3F6B3 /* KalDataSource.m */ = {isa = PBXFileReference; fileEncoding = 4; lastKnownFileType = sourcecode.c.objc; path = KalDataSource.m; sourceTree = "<group>"; };
		95E6B2DC1189524500C3F6B3 /* KalDate.h */ = {isa = PBXFileReference; fileEncoding = 4; lastKnownFileType = sourcecode.c.h; path = KalDate.h; sourceTree = "<group>"; };
		95E6B2DD1189524500C3F6B3 /* KalDate.m */ = {isa = PBXFileReference; fileEncoding = 4; lastKnownFileType = sourcecode.c.objc; path = KalDate.m; sourceTree = "<group>"; };
		95E6B2DE1189524500C3F6B3 /* KalGridView.h */ = {isa = PBXFileReference; fileEncoding = 4; lastKnownFileType = sourcecode.c.h; path = KalGridView.h; sourceTree = "<group>"; };
		95E6B2DF1189524500C3F6B3 /* KalGridView.m */ = {isa = PBXFileReference; fileEncoding = 4; lastKnownFileType = sourcecode.c.objc; path = KalGridView.m; sourceTree = "<group>"; };
		95E6B2E01189524500C3F6B3 /* KalLogic.h */ = {isa = PBXFileReference; fileEncoding = 4; lastKnownFileType = sourcecode.c.h; path = KalLogic.h; sourceTree = "<group>"; };
		95E6B2E11189524500C3F6B3 /* KalLogic.m */ = {isa = PBXFileReference; fileEncoding = 4; lastKnownFileType = sourcecode.c.objc; path = KalLogic.m; sourceTree = "<group>"; };
		95E6B2E21189524500C3F6B3 /* KalMonthView.h */ = {isa = PBXFileReference; fileEncoding = 4; lastKnownFileType = sourcecode.c.h; path = KalMonthView.h; sourceTree = "<group>"; };
		95E6B2E31189524500C3F6B3 /* KalMonthView.m */ = {isa = PBXFileReference; fileEncoding = 4; lastKnownFileType = sourcecode.c.objc; path = KalMonthView.m; sourceTree = "<group>"; };
		95E6B2E41189524500C3F6B3 /* KalPrivate.h */ = {isa = PBXFileReference; fileEncoding = 4; lastKnownFileType = sourcecode.c.h; path = KalPrivate.h; sourceTree = "<group>"; };
		95E6B2E51189524500C3F6B3 /* KalTileView.h */ = {isa = PBXFileReference; fileEncoding = 4; lastKnownFileType = sourcecode.c.h; path = KalTileView.h; sourceTree = "<group>"; };
		95E6B2E61189524500C3F6B3 /* KalTileView.m */ = {isa = PBXFileReference; fileEncoding = 4; lastKnownFileType = sourcecode.c.objc; path = KalTileView.m; sourceTree = "<group>"; };
		95E6B2E71189524500C3F6B3 /* KalView.h */ = {isa = PBXFileReference; fileEncoding = 4; lastKnownFileType = sourcecode.c.h; path = KalView.h; sourceTree = "<group>"; };
		95E6B2E81189524500C3F6B3 /* KalView.m */ = {isa = PBXFileReference; fileEncoding = 4; lastKnownFileType = sourcecode.c.objc; path = KalView.m; sourceTree = "<group>"; };
		95E6B2E91189524500C3F6B3 /* KalViewController.h */ = {isa = PBXFileReference; fileEncoding = 4; lastKnownFileType = sourcecode.c.h; path = KalViewController.h; sourceTree = "<group>"; };
		95E6B2EA1189524500C3F6B3 /* KalViewController.m */ = {isa = PBXFileReference; fileEncoding = 4; lastKnownFileType = sourcecode.c.objc; path = KalViewController.m; sourceTree = "<group>"; };
		95E6B2EB1189524500C3F6B3 /* NSDateAdditions.h */ = {isa = PBXFileReference; fileEncoding = 4; lastKnownFileType = sourcecode.c.h; path = NSDateAdditions.h; sourceTree = "<group>"; };
		95E6B2EC1189524500C3F6B3 /* NSDateAdditions.m */ = {isa = PBXFileReference; fileEncoding = 4; lastKnownFileType = sourcecode.c.objc; path = NSDateAdditions.m; sourceTree = "<group>"; };
		95E6B2ED1189524500C3F6B3 /* UIViewAdditions.h */ = {isa = PBXFileReference; fileEncoding = 4; lastKnownFileType = sourcecode.c.h; path = UIViewAdditions.h; sourceTree = "<group>"; };
		95E6B2EE1189524500C3F6B3 /* UIViewAdditions.m */ = {isa = PBXFileReference; fileEncoding = 4; lastKnownFileType = sourcecode.c.objc; path = UIViewAdditions.m; sourceTree = "<group>"; };
		95E6B30B1189525B00C3F6B3 /* GraphController.h */ = {isa = PBXFileReference; fileEncoding = 4; lastKnownFileType = sourcecode.c.h; path = GraphController.h; sourceTree = "<group>"; };
		95E6B30C1189525B00C3F6B3 /* GraphController.m */ = {isa = PBXFileReference; fileEncoding = 4; lastKnownFileType = sourcecode.c.objc; path = GraphController.m; sourceTree = "<group>"; };
		95E6B30D1189525B00C3F6B3 /* NSStringAdditions.h */ = {isa = PBXFileReference; fileEncoding = 4; lastKnownFileType = sourcecode.c.h; path = NSStringAdditions.h; sourceTree = "<group>"; };
		95E6B30E1189525B00C3F6B3 /* NSStringAdditions.m */ = {isa = PBXFileReference; fileEncoding = 4; lastKnownFileType = sourcecode.c.objc; path = NSStringAdditions.m; sourceTree = "<group>"; };
		95E6B30F1189525B00C3F6B3 /* TapkuLibrary.bundle */ = {isa = PBXFileReference; lastKnownFileType = "wrapper.plug-in"; path = TapkuLibrary.bundle; sourceTree = "<group>"; };
		95E6B3101189525B00C3F6B3 /* TKGlobal.h */ = {isa = PBXFileReference; fileEncoding = 4; lastKnownFileType = sourcecode.c.h; path = TKGlobal.h; sourceTree = "<group>"; };
		95E6B3111189525B00C3F6B3 /* TKGlobal.m */ = {isa = PBXFileReference; fileEncoding = 4; lastKnownFileType = sourcecode.c.objc; path = TKGlobal.m; sourceTree = "<group>"; };
		95E6B3121189525B00C3F6B3 /* TKGraphController.h */ = {isa = PBXFileReference; fileEncoding = 4; lastKnownFileType = sourcecode.c.h; path = TKGraphController.h; sourceTree = "<group>"; };
		95E6B3131189525B00C3F6B3 /* TKGraphController.m */ = {isa = PBXFileReference; fileEncoding = 4; lastKnownFileType = sourcecode.c.objc; path = TKGraphController.m; sourceTree = "<group>"; };
		95E6B3141189525B00C3F6B3 /* TKGraphView.h */ = {isa = PBXFileReference; fileEncoding = 4; lastKnownFileType = sourcecode.c.h; path = TKGraphView.h; sourceTree = "<group>"; };
		95E6B3151189525B00C3F6B3 /* TKGraphView.m */ = {isa = PBXFileReference; fileEncoding = 4; lastKnownFileType = sourcecode.c.objc; path = TKGraphView.m; sourceTree = "<group>"; };
		95E6B3161189525B00C3F6B3 /* TKOverviewHeaderView.h */ = {isa = PBXFileReference; fileEncoding = 4; lastKnownFileType = sourcecode.c.h; path = TKOverviewHeaderView.h; sourceTree = "<group>"; };
		95E6B3171189525B00C3F6B3 /* TKOverviewHeaderView.m */ = {isa = PBXFileReference; fileEncoding = 4; lastKnownFileType = sourcecode.c.objc; path = TKOverviewHeaderView.m; sourceTree = "<group>"; };
		95E6B3181189525B00C3F6B3 /* TKOverviewIndicatorView.h */ = {isa = PBXFileReference; fileEncoding = 4; lastKnownFileType = sourcecode.c.h; path = TKOverviewIndicatorView.h; sourceTree = "<group>"; };
		95E6B3191189525B00C3F6B3 /* TKOverviewIndicatorView.m */ = {isa = PBXFileReference; fileEncoding = 4; lastKnownFileType = sourcecode.c.objc; path = TKOverviewIndicatorView.m; sourceTree = "<group>"; };
		95E6B31A1189525B00C3F6B3 /* TKOverviewTableViewController.h */ = {isa = PBXFileReference; fileEncoding = 4; lastKnownFileType = sourcecode.c.h; path = TKOverviewTableViewController.h; sourceTree = "<group>"; };
		95E6B31B1189525B00C3F6B3 /* TKOverviewTableViewController.m */ = {isa = PBXFileReference; fileEncoding = 4; lastKnownFileType = sourcecode.c.objc; path = TKOverviewTableViewController.m; sourceTree = "<group>"; };
		95E6B31C1189525B00C3F6B3 /* UIImageAdditions.h */ = {isa = PBXFileReference; fileEncoding = 4; lastKnownFileType = sourcecode.c.h; path = UIImageAdditions.h; sourceTree = "<group>"; };
		95E6B31D1189525B00C3F6B3 /* UIImageAdditions.m */ = {isa = PBXFileReference; fileEncoding = 4; lastKnownFileType = sourcecode.c.objc; path = UIImageAdditions.m; sourceTree = "<group>"; };
		95E6B31E1189525B00C3F6B3 /* UIViewAdditions.h */ = {isa = PBXFileReference; fileEncoding = 4; lastKnownFileType = sourcecode.c.h; path = UIViewAdditions.h; sourceTree = "<group>"; };
		95E6B31F1189525B00C3F6B3 /* UIViewAdditions.m */ = {isa = PBXFileReference; fileEncoding = 4; lastKnownFileType = sourcecode.c.objc; path = UIViewAdditions.m; sourceTree = "<group>"; };
		95EC80CB1168B01D00DA720F /* note_on.png */ = {isa = PBXFileReference; lastKnownFileType = image.png; path = note_on.png; sourceTree = "<group>"; };
		95EC80CC1168B01D00DA720F /* note_outline.png */ = {isa = PBXFileReference; lastKnownFileType = image.png; path = note_outline.png; sourceTree = "<group>"; };
		95EC80CF1168B08E00DA720F /* AttendanceTableCell.xib */ = {isa = PBXFileReference; lastKnownFileType = file.xib; name = AttendanceTableCell.xib; path = ../AttendanceTableCell.xib; sourceTree = "<group>"; };
		95EC81941168D0E600DA720F /* DebugViewController.h */ = {isa = PBXFileReference; fileEncoding = 4; lastKnownFileType = sourcecode.c.h; path = DebugViewController.h; sourceTree = "<group>"; };
		95EC81951168D0E600DA720F /* DebugViewController.m */ = {isa = PBXFileReference; fileEncoding = 4; lastKnownFileType = sourcecode.c.objc; path = DebugViewController.m; sourceTree = "<group>"; };
		95EC81961168D0E600DA720F /* DebugViewController.xib */ = {isa = PBXFileReference; lastKnownFileType = file.xib; path = DebugViewController.xib; sourceTree = "<group>"; };
		95EC83691169108800DA720F /* Course.h */ = {isa = PBXFileReference; fileEncoding = 4; lastKnownFileType = sourcecode.c.h; path = Course.h; sourceTree = "<group>"; };
		95EC836A1169108800DA720F /* Course.m */ = {isa = PBXFileReference; fileEncoding = 4; lastKnownFileType = sourcecode.c.objc; path = Course.m; sourceTree = "<group>"; };
		95EC836D1169108800DA720F /* Student.h */ = {isa = PBXFileReference; fileEncoding = 4; lastKnownFileType = sourcecode.c.h; path = Student.h; sourceTree = "<group>"; };
		95EC836E1169108800DA720F /* Student.m */ = {isa = PBXFileReference; fileEncoding = 4; lastKnownFileType = sourcecode.c.objc; path = Student.m; sourceTree = "<group>"; };
		95EC881C1169E73E00DA720F /* classes.png */ = {isa = PBXFileReference; lastKnownFileType = image.png; path = classes.png; sourceTree = "<group>"; };
		95EC881D1169E73E00DA720F /* students.png */ = {isa = PBXFileReference; lastKnownFileType = image.png; path = students.png; sourceTree = "<group>"; };
		95EC88211169EA3E00DA720F /* notepad.png */ = {isa = PBXFileReference; lastKnownFileType = image.png; path = notepad.png; sourceTree = "<group>"; };
/* End PBXFileReference section */

/* Begin PBXFrameworksBuildPhase section */
		1D60588F0D05DD3D006BFB54 /* Frameworks */ = {
			isa = PBXFrameworksBuildPhase;
			buildActionMask = 2147483647;
			files = (
				1D60589F0D05DD5A006BFB54 /* Foundation.framework in Frameworks */,
				1DF5F4E00D08C38300B7A737 /* UIKit.framework in Frameworks */,
				288765080DF74369002DB57D /* CoreGraphics.framework in Frameworks */,
				5AB097681168145600E0CB9F /* CoreData.framework in Frameworks */,
				952086A5118AC08C00F12AB9 /* QuartzCore.framework in Frameworks */,
				95346114118F5739006EF65B /* MessageUI.framework in Frameworks */,
			);
			runOnlyForDeploymentPostprocessing = 0;
		};
/* End PBXFrameworksBuildPhase section */

/* Begin PBXGroup section */
		080E96DDFE201D6D7F000001 /* Classes */ = {
			isa = PBXGroup;
			children = (
				95345317118C1E9F006EF65B /* General */,
				95EC81941168D0E600DA720F /* DebugViewController.h */,
				95EC81951168D0E600DA720F /* DebugViewController.m */,
				95EC81961168D0E600DA720F /* DebugViewController.xib */,
				95E6B2C91189524500C3F6B3 /* Kal */,
				95EC81321168C01000DA720F /* Models */,
				95C3EEF91168387500CE11E5 /* Roll Sheet */,
				9509E0AC117F886100A468EB /* Settings */,
				5AB0978C1168165E00E0CB9F /* Student */,
				95E6B30A1189525B00C3F6B3 /* TKGraph */,
			);
			path = Classes;
			sourceTree = "<group>";
		};
		19C28FACFE9D520D11CA2CBB /* Products */ = {
			isa = PBXGroup;
			children = (
				5AB09646116801F300E0CB9F /* Roll Call.app */,
			);
			name = Products;
			sourceTree = "<group>";
		};
		29B97314FDCFA39411CA2CEA /* Roll Call */ = {
			isa = PBXGroup;
			children = (
				080E96DDFE201D6D7F000001 /* Classes */,
				29B97323FDCFA39411CA2CEA /* Frameworks */,
				29B97315FDCFA39411CA2CEA /* Other Sources */,
				19C28FACFE9D520D11CA2CBB /* Products */,
				29B97317FDCFA39411CA2CEA /* Resources */,
				1D3623240D0F684500981E51 /* Roll_CallAppDelegate.h */,
				1D3623250D0F684500981E51 /* Roll_CallAppDelegate.m */,
				5AB0974C116812A500E0CB9F /* RollCallDataModel.xcdatamodel */,
			);
			name = "Roll Call";
			sourceTree = "<group>";
		};
		29B97315FDCFA39411CA2CEA /* Other Sources */ = {
			isa = PBXGroup;
			children = (
				28A0AB4B0D9B1048005BE974 /* Roll_Call_Prefix.pch */,
				29B97316FDCFA39411CA2CEA /* main.m */,
			);
			name = "Other Sources";
			sourceTree = "<group>";
		};
		29B97317FDCFA39411CA2CEA /* Resources */ = {
			isa = PBXGroup;
			children = (
				955E427711745DD100FF2B8F /* Images */,
				95BE6B8D11689AD000764D65 /* Arrows */,
				95BE6B8811689AC000764D65 /* Attendance */,
				95CAD9B41158092400CBC9E9 /* ClassesViewController.xib */,
				28AD73870D9D96C1002E5188 /* MainWindow.xib */,
				8D1107310486CEB800E47090 /* Roll_Call-Info.plist */,
			);
			name = Resources;
			sourceTree = "<group>";
		};
		29B97323FDCFA39411CA2CEA /* Frameworks */ = {
			isa = PBXGroup;
			children = (
				1DF5F4DF0D08C38300B7A737 /* UIKit.framework */,
				1D30AB110D05D00D00671497 /* Foundation.framework */,
				288765070DF74369002DB57D /* CoreGraphics.framework */,
				5AB097671168145600E0CB9F /* CoreData.framework */,
				952086A4118AC08C00F12AB9 /* QuartzCore.framework */,
				95346113118F5739006EF65B /* MessageUI.framework */,
			);
			name = Frameworks;
			sourceTree = "<group>";
		};
		5A1B8A34116A0C4900E979FF /* AddStudent */ = {
			isa = PBXGroup;
			children = (
				5A3911C1116759EB003EF6F8 /* AddStudentHeaderView.xib */,
				95A84283115A54A0002C6FCB /* AddStudentViewController.h */,
				95A84284115A54A0002C6FCB /* AddStudentViewController.m */,
				95A84285115A54A0002C6FCB /* AddStudentViewController.xib */,
				5A1B8A35116A0C7C00E979FF /* EditingViews */,
			);
			name = AddStudent;
			sourceTree = "<group>";
		};
		5A1B8A35116A0C7C00E979FF /* EditingViews */ = {
			isa = PBXGroup;
			children = (
				5A1B89E7116A09C300E979FF /* AddAddressViewController.h */,
				5A1B89E8116A09C300E979FF /* AddAddressViewController.m */,
				5A1B89E9116A09C300E979FF /* AddAddressViewController.xib */,
				9594A2F8116AA569008AC99A /* AddCourseNameViewController.h */,
				9594A2F9116AA569008AC99A /* AddCourseNameViewController.m */,
				9594A2FA116AA569008AC99A /* AddCourseNameViewController.xib */,
				5A1B89EA116A09C300E979FF /* AddCourseViewController.h */,
				5A1B89EB116A09C300E979FF /* AddCourseViewController.m */,
				5A1B89EC116A09C300E979FF /* AddCourseViewController.xib */,
				5A1B89ED116A09C300E979FF /* AddEmailViewController.h */,
				5A1B89EE116A09C300E979FF /* AddEmailViewController.m */,
				5A1B89EF116A09C300E979FF /* AddEmailViewController.xib */,
				5A1B89F0116A09C300E979FF /* AddPhoneViewController.h */,
				5A1B89F1116A09C300E979FF /* AddPhoneViewController.m */,
				5A1B89F2116A09C300E979FF /* AddPhoneViewController.xib */,
				5AB095551167F60C00E0CB9F /* AddStudentNameTableCell.h */,
				5AB095561167F60C00E0CB9F /* AddStudentNameTableCell.m */,
				5AB095651167F75000E0CB9F /* AddStudentNameTableCell.xib */,
				5A7B2E8711674DD4004332A7 /* AddStudentNameViewController.h */,
				5A7B2E8811674DD4004332A7 /* AddStudentNameViewController.m */,
				5A7B2E8911674DD4004332A7 /* AddStudentNameViewController.xib */,
			);
			name = EditingViews;
			sourceTree = "<group>";
		};
		5AB0978C1168165E00E0CB9F /* Student */ = {
			isa = PBXGroup;
			children = (
				952087E7118AD67E00F12AB9 /* DeleteTableCell.xib */,
				952087D3118AD5C000F12AB9 /* ChatTableCell.xib */,
				5A1B8A34116A0C4900E979FF /* AddStudent */,
				95208789118AD50400F12AB9 /* AttendanceCell.xib */,
				952086DB118ACC7400F12AB9 /* AttendanceEditViewController.h */,
				952086DC118ACC7400F12AB9 /* AttendanceEditViewController.m */,
				9594A39B116ABBFE008AC99A /* AttendanceTableViewController.h */,
				9594A39C116ABBFE008AC99A /* AttendanceTableViewController.m */,
				9594A39D116ABBFE008AC99A /* AttendanceTableViewController.xib */,
				952086C9118ACBB800F12AB9 /* KalViewDataSource.h */,
				952086CA118ACBB800F12AB9 /* KalViewDataSource.m */,
				5A1B89F5116A09C300E979FF /* StudentHeaderView.xib */,
				95CAD9E911580F2300CBC9E9 /* StudentsViewController.h */,
				95CAD9EA11580F2300CBC9E9 /* StudentsViewController.m */,
				95CAD9EB11580F2300CBC9E9 /* StudentsViewController.xib */,
				95CADA4D1158457500CBC9E9 /* StudentViewController.h */,
				95CADA4E1158457500CBC9E9 /* StudentViewController.m */,
				95CADA4F1158457500CBC9E9 /* StudentViewController.xib */,
			);
			name = Student;
			sourceTree = "<group>";
		};
		9509E0AC117F886100A468EB /* Settings */ = {
			isa = PBXGroup;
			children = (
				95345632118C7BE6006EF65B /* AddStatusViewController.h */,
				95345633118C7BE6006EF65B /* AddStatusViewController.m */,
				95345634118C7BE6006EF65B /* AddStatusViewController.xib */,
				95345248118C00AA006EF65B /* StatusInstanceViewController.h */,
				95345249118C00AA006EF65B /* StatusInstanceViewController.m */,
				9534524A118C00AA006EF65B /* StatusInstanceViewController.xib */,
				9509E0B3117F88B100A468EB /* SettingsViewController.h */,
				9509E0B4117F88B100A468EB /* SettingsViewController.m */,
				9509E0B5117F88B100A468EB /* SettingsViewController.xib */,
				953454D5118C5A26006EF65B /* EditStatusColorViewController.h */,
				953454D6118C5A26006EF65B /* EditStatusColorViewController.m */,
				953454D7118C5A26006EF65B /* EditStatusColorViewController.xib */,
			);
			name = Settings;
			sourceTree = "<group>";
		};
		95345317118C1E9F006EF65B /* General */ = {
			isa = PBXGroup;
			children = (
				95345E5F118EA7BF006EF65B /* ABTableViewCell.h */,
				95345E60118EA7BF006EF65B /* ABTableViewCell.m */,
				953452B8118C16F9006EF65B /* EditTextFieldViewController.h */,
				953452B9118C16F9006EF65B /* EditTextFieldViewController.m */,
				953452BA118C16F9006EF65B /* EditTextFieldViewController.xib */,
			);
			name = General;
			sourceTree = "<group>";
		};
		955E427711745DD100FF2B8F /* Images */ = {
			isa = PBXGroup;
			children = (
				9534621A118FA7E4006EF65B /* logo.png */,
				95345591118C6A88006EF65B /* button_orange.png */,
				9534558B118C6A83006EF65B /* button_gray.png */,
				9534558C118C6A83006EF65B /* button_purple.png */,
				9534558D118C6A83006EF65B /* button_white.png */,
				952087DD118AD61300F12AB9 /* icon_chart_lg.png */,
				9509E0A1117F862600A468EB /* sync.png */,
				9509E09E117F81BF00A468EB /* gear.png */,
				955E426D11745DBC00FF2B8F /* button_blue.png */,
				955E426E11745DBC00FF2B8F /* button_green.png */,
				955E426F11745DBC00FF2B8F /* button_red.png */,
				955E427011745DBC00FF2B8F /* button_yellow.png */,
				955E426B11745D8400FF2B8F /* cell_background_down.png */,
				955E42021174296800FF2B8F /* button_green.png */,
				955E41F11174273900FF2B8F /* cell_background.png */,
				95EC88211169EA3E00DA720F /* notepad.png */,
				95EC881C1169E73E00DA720F /* classes.png */,
				95EC881D1169E73E00DA720F /* students.png */,
				95BE6B3A1168794500764D65 /* bar.png */,
				5A1B8A2E116A0BC100E979FF /* deafultphoto.JPG */,
				5A39130D11678C06003EF6F8 /* addphoto.jpg */,
			);
			name = Images;
			sourceTree = "<group>";
		};
		95BE6B8811689AC000764D65 /* Attendance */ = {
			isa = PBXGroup;
			children = (
				95EC80CB1168B01D00DA720F /* note_on.png */,
				95EC80CC1168B01D00DA720F /* note_outline.png */,
				95BE6B9011689AF700764D65 /* attendance_p.png */,
			);
			name = Attendance;
			sourceTree = "<group>";
		};
		95BE6B8D11689AD000764D65 /* Arrows */ = {
			isa = PBXGroup;
			children = (
				95BE6B531168880400764D65 /* arrow_left_up.png */,
				95BE6B541168880400764D65 /* arrows_left_down.png */,
				95BE6B47116886E500764D65 /* arrow_down.png */,
				95BE6B48116886E500764D65 /* arrow_up.png */,
			);
			name = Arrows;
			sourceTree = "<group>";
		};
		95C3EEF91168387500CE11E5 /* Roll Sheet */ = {
			isa = PBXGroup;
			children = (
				95345E89118EACCC006EF65B /* CustomCell.h */,
				95345E8A118EACCC006EF65B /* CustomCell.m */,
				95345E65118EA7FC006EF65B /* AttendanceViewCell.h */,
				95345E66118EA7FC006EF65B /* AttendanceViewCell.m */,
				9594A273116A9876008AC99A /* AddRollSheetViewController.h */,
				9594A274116A9876008AC99A /* AddRollSheetViewController.m */,
				9594A275116A9876008AC99A /* AddRollSheetViewController.xib */,
				95EC80CF1168B08E00DA720F /* AttendanceTableCell.xib */,
				952086C4118ACBA000F12AB9 /* NoteViewController.h */,
				952086C5118ACBA000F12AB9 /* NoteViewController.m */,
				952086C6118ACBA000F12AB9 /* NoteViewController.xib */,
				955E431B11747CF000FF2B8F /* RollSheetAddNoteController.h */,
				955E431C11747CF000FF2B8F /* RollSheetAddNoteController.m */,
				955E431D11747CF000FF2B8F /* RollSheetAddNoteController.xib */,
				95345134118BDA9A006EF65B /* ChangeDateViewController.h */,
				95345135118BDA9A006EF65B /* ChangeDateViewController.m */,
				95345136118BDA9A006EF65B /* ChangeDateViewController.xib */,
				95B5B82911772B0E00A4A356 /* RollSheetInfoViewController.h */,
				95B5B82A11772B0E00A4A356 /* RollSheetInfoViewController.m */,
				95B5B82B11772B0E00A4A356 /* RollSheetInfoViewController.xib */,
				95BE6A0711683BFE00764D65 /* RollSheetInstance.h */,
				95BE6A0811683BFE00764D65 /* RollSheetInstance.m */,
				95BE6A0911683BFE00764D65 /* RollSheetInstance.xib */,
				955E41751174129700FF2B8F /* RollSheetTableCell.h */,
				955E41761174129700FF2B8F /* RollSheetTableCell.m */,
				955E4178117412AB00FF2B8F /* RollSheetTableCell.xib */,
				5AB097471168129B00E0CB9F /* RollSheetViewController.h */,
				5AB097481168129B00E0CB9F /* RollSheetViewController.m */,
				5AB097491168129B00E0CB9F /* RollSheetViewController.xib */,
				953458C8118CDCCB006EF65B /* EnrollStudentsViewController.h */,
				953458C9118CDCCB006EF65B /* EnrollStudentsViewController.m */,
				953458CA118CDCCB006EF65B /* EnrollStudentsViewController.xib */,
			);
			name = "Roll Sheet";
			sourceTree = "<group>";
		};
		95E6B2C91189524500C3F6B3 /* Kal */ = {
			isa = PBXGroup;
			children = (
				953455EE118C700A006EF65B /* KalViewCell.xib */,
				953455EF118C700A006EF65B /* NotesTableCell.xib */,
				953455F0118C700A006EF65B /* ind_y_l.png */,
				953455F1118C700A006EF65B /* ind_y_m.png */,
				953455F2118C700A006EF65B /* ind_y_r.png */,
				95E6B2CA1189524500C3F6B3 /* Kal.h */,
				95E6B2CB1189524500C3F6B3 /* kal_grid_background.png */,
				95E6B2CC1189524500C3F6B3 /* kal_grid_shadow.png */,
				95E6B2CD1189524500C3F6B3 /* kal_header_text_fill.png */,
				95E6B2CE1189524500C3F6B3 /* kal_left_arrow.png */,
				95E6B2CF1189524500C3F6B3 /* kal_marker.png */,
				95E6B2D01189524500C3F6B3 /* kal_marker_dim.png */,
				95E6B2D11189524500C3F6B3 /* kal_marker_selected.png */,
				95E6B2D21189524500C3F6B3 /* kal_marker_today.png */,
				95E6B2D31189524500C3F6B3 /* kal_right_arrow.png */,
				95E6B2D41189524500C3F6B3 /* kal_tile.png */,
				95E6B2D51189524500C3F6B3 /* kal_tile_dim_text_fill.png */,
				95E6B2D61189524500C3F6B3 /* kal_tile_selected.png */,
				95E6B2D71189524500C3F6B3 /* kal_tile_text_fill.png */,
				95E6B2D81189524500C3F6B3 /* kal_tile_today.png */,
				95E6B2D91189524500C3F6B3 /* kal_tile_today_selected.png */,
				95E6B2DA1189524500C3F6B3 /* KalDataSource.h */,
				95E6B2DB1189524500C3F6B3 /* KalDataSource.m */,
				95E6B2DC1189524500C3F6B3 /* KalDate.h */,
				95E6B2DD1189524500C3F6B3 /* KalDate.m */,
				95E6B2DE1189524500C3F6B3 /* KalGridView.h */,
				95E6B2DF1189524500C3F6B3 /* KalGridView.m */,
				95E6B2E01189524500C3F6B3 /* KalLogic.h */,
				95E6B2E11189524500C3F6B3 /* KalLogic.m */,
				95E6B2E21189524500C3F6B3 /* KalMonthView.h */,
				95E6B2E31189524500C3F6B3 /* KalMonthView.m */,
				95E6B2E41189524500C3F6B3 /* KalPrivate.h */,
				95E6B2E51189524500C3F6B3 /* KalTileView.h */,
				95E6B2E61189524500C3F6B3 /* KalTileView.m */,
				95E6B2E71189524500C3F6B3 /* KalView.h */,
				95E6B2E81189524500C3F6B3 /* KalView.m */,
				95E6B2E91189524500C3F6B3 /* KalViewController.h */,
				95E6B2EA1189524500C3F6B3 /* KalViewController.m */,
				95E6B2EB1189524500C3F6B3 /* NSDateAdditions.h */,
				95E6B2EC1189524500C3F6B3 /* NSDateAdditions.m */,
				95E6B2ED1189524500C3F6B3 /* UIViewAdditions.h */,
				95E6B2EE1189524500C3F6B3 /* UIViewAdditions.m */,
			);
			path = Kal;
			sourceTree = SOURCE_ROOT;
		};
		95E6B30A1189525B00C3F6B3 /* TKGraph */ = {
			isa = PBXGroup;
			children = (
				95E6B30B1189525B00C3F6B3 /* GraphController.h */,
				95E6B30C1189525B00C3F6B3 /* GraphController.m */,
				95E6B30D1189525B00C3F6B3 /* NSStringAdditions.h */,
				95E6B30E1189525B00C3F6B3 /* NSStringAdditions.m */,
				95E6B30F1189525B00C3F6B3 /* TapkuLibrary.bundle */,
				95E6B3101189525B00C3F6B3 /* TKGlobal.h */,
				95E6B3111189525B00C3F6B3 /* TKGlobal.m */,
				95E6B3121189525B00C3F6B3 /* TKGraphController.h */,
				95E6B3131189525B00C3F6B3 /* TKGraphController.m */,
				95E6B3141189525B00C3F6B3 /* TKGraphView.h */,
				95E6B3151189525B00C3F6B3 /* TKGraphView.m */,
				95E6B3161189525B00C3F6B3 /* TKOverviewHeaderView.h */,
				95E6B3171189525B00C3F6B3 /* TKOverviewHeaderView.m */,
				95E6B3181189525B00C3F6B3 /* TKOverviewIndicatorView.h */,
				95E6B3191189525B00C3F6B3 /* TKOverviewIndicatorView.m */,
				95E6B31A1189525B00C3F6B3 /* TKOverviewTableViewController.h */,
				95E6B31B1189525B00C3F6B3 /* TKOverviewTableViewController.m */,
				95E6B31C1189525B00C3F6B3 /* UIImageAdditions.h */,
				95E6B31D1189525B00C3F6B3 /* UIImageAdditions.m */,
				95E6B31E1189525B00C3F6B3 /* UIViewAdditions.h */,
				95E6B31F1189525B00C3F6B3 /* UIViewAdditions.m */,
			);
			path = TKGraph;
			sourceTree = SOURCE_ROOT;
		};
		95EC81321168C01000DA720F /* Models */ = {
			isa = PBXGroup;
			children = (
				5A1B89F3116A09C300E979FF /* Address.h */,
				5A1B89F4116A09C300E979FF /* Address.m */,
				95EC83691169108800DA720F /* Course.h */,
				95EC836A1169108800DA720F /* Course.m */,
				955E424E1174461000FF2B8F /* Presence.h */,
				955E424F1174461000FF2B8F /* Presence.m */,
				955E42501174461000FF2B8F /* Status.h */,
				955E42511174461000FF2B8F /* Status.m */,
				95EC836D1169108800DA720F /* Student.h */,
				95EC836E1169108800DA720F /* Student.m */,
			);
			name = Models;
			sourceTree = "<group>";
		};
/* End PBXGroup section */

/* Begin PBXNativeTarget section */
		1D6058900D05DD3D006BFB54 /* Roll Call */ = {
			isa = PBXNativeTarget;
			buildConfigurationList = 1D6058960D05DD3E006BFB54 /* Build configuration list for PBXNativeTarget "Roll Call" */;
			buildPhases = (
				1D60588D0D05DD3D006BFB54 /* Resources */,
				1D60588E0D05DD3D006BFB54 /* Sources */,
				1D60588F0D05DD3D006BFB54 /* Frameworks */,
			);
			buildRules = (
			);
			dependencies = (
			);
			name = "Roll Call";
			productName = "Roll Call";
			productReference = 5AB09646116801F300E0CB9F /* Roll Call.app */;
			productType = "com.apple.product-type.application";
		};
/* End PBXNativeTarget section */

/* Begin PBXProject section */
		29B97313FDCFA39411CA2CEA /* Project object */ = {
			isa = PBXProject;
			buildConfigurationList = C01FCF4E08A954540054247B /* Build configuration list for PBXProject "Roll Call" */;
			compatibilityVersion = "Xcode 3.1";
			hasScannedForEncodings = 1;
			mainGroup = 29B97314FDCFA39411CA2CEA /* Roll Call */;
			projectDirPath = "";
			projectRoot = "";
			targets = (
				1D6058900D05DD3D006BFB54 /* Roll Call */,
			);
		};
/* End PBXProject section */

/* Begin PBXResourcesBuildPhase section */
		1D60588D0D05DD3D006BFB54 /* Resources */ = {
			isa = PBXResourcesBuildPhase;
			buildActionMask = 2147483647;
			files = (
				28AD73880D9D96C1002E5188 /* MainWindow.xib in Resources */,
				95CAD9B61158092400CBC9E9 /* ClassesViewController.xib in Resources */,
				95CAD9ED11580F2300CBC9E9 /* StudentsViewController.xib in Resources */,
				95CADA511158457500CBC9E9 /* StudentViewController.xib in Resources */,
				95A84287115A54A0002C6FCB /* AddStudentViewController.xib in Resources */,
				5A7B2E8B11674DD4004332A7 /* AddStudentNameViewController.xib in Resources */,
				5A3911C2116759EB003EF6F8 /* AddStudentHeaderView.xib in Resources */,
				5A39130E11678C06003EF6F8 /* addphoto.jpg in Resources */,
				5AB095661167F75000E0CB9F /* AddStudentNameTableCell.xib in Resources */,
				5AB0974B1168129B00E0CB9F /* RollSheetViewController.xib in Resources */,
				95BE6A0B11683BFE00764D65 /* RollSheetInstance.xib in Resources */,
				95BE6B3B1168794500764D65 /* bar.png in Resources */,
				95BE6B49116886E500764D65 /* arrow_down.png in Resources */,
				95BE6B4A116886E500764D65 /* arrow_up.png in Resources */,
				95BE6B551168880400764D65 /* arrow_left_up.png in Resources */,
				95BE6B561168880400764D65 /* arrows_left_down.png in Resources */,
				95BE6B9111689AF700764D65 /* attendance_p.png in Resources */,
				95EC80CD1168B01D00DA720F /* note_on.png in Resources */,
				95EC80CE1168B01D00DA720F /* note_outline.png in Resources */,
				95EC80D01168B08E00DA720F /* AttendanceTableCell.xib in Resources */,
				95EC81981168D0E600DA720F /* DebugViewController.xib in Resources */,
				95EC881E1169E73E00DA720F /* classes.png in Resources */,
				95EC881F1169E73E00DA720F /* students.png in Resources */,
				95EC88221169EA3E00DA720F /* notepad.png in Resources */,
				5A1B89F7116A09C300E979FF /* AddAddressViewController.xib in Resources */,
				5A1B89F9116A09C300E979FF /* AddCourseViewController.xib in Resources */,
				5A1B89FB116A09C300E979FF /* AddEmailViewController.xib in Resources */,
				5A1B89FD116A09C300E979FF /* AddPhoneViewController.xib in Resources */,
				5A1B89FF116A09C300E979FF /* StudentHeaderView.xib in Resources */,
				5A1B8A2F116A0BC100E979FF /* deafultphoto.JPG in Resources */,
				9594A277116A9876008AC99A /* AddRollSheetViewController.xib in Resources */,
				9594A2FC116AA569008AC99A /* AddCourseNameViewController.xib in Resources */,
				9594A39F116ABBFE008AC99A /* AttendanceTableViewController.xib in Resources */,
				955E4179117412AB00FF2B8F /* RollSheetTableCell.xib in Resources */,
				955E41F21174273900FF2B8F /* cell_background.png in Resources */,
				955E42031174296800FF2B8F /* button_green.png in Resources */,
				955E426C11745D8500FF2B8F /* cell_background_down.png in Resources */,
				955E427111745DBC00FF2B8F /* button_blue.png in Resources */,
				955E427211745DBC00FF2B8F /* button_green.png in Resources */,
				955E427311745DBC00FF2B8F /* button_red.png in Resources */,
				955E427411745DBC00FF2B8F /* button_yellow.png in Resources */,
				955E431F11747CF000FF2B8F /* RollSheetAddNoteController.xib in Resources */,
				95B5B82D11772B0E00A4A356 /* RollSheetInfoViewController.xib in Resources */,
				9509E09F117F81BF00A468EB /* gear.png in Resources */,
				9509E0A2117F862600A468EB /* sync.png in Resources */,
				9509E0B7117F88B100A468EB /* SettingsViewController.xib in Resources */,
				95E6B2EF1189524500C3F6B3 /* kal_grid_background.png in Resources */,
				95E6B2F01189524500C3F6B3 /* kal_grid_shadow.png in Resources */,
				95E6B2F11189524500C3F6B3 /* kal_header_text_fill.png in Resources */,
				95E6B2F21189524500C3F6B3 /* kal_left_arrow.png in Resources */,
				95E6B2F31189524500C3F6B3 /* kal_marker.png in Resources */,
				95E6B2F41189524500C3F6B3 /* kal_marker_dim.png in Resources */,
				95E6B2F51189524500C3F6B3 /* kal_marker_selected.png in Resources */,
				95E6B2F61189524500C3F6B3 /* kal_marker_today.png in Resources */,
				95E6B2F71189524500C3F6B3 /* kal_right_arrow.png in Resources */,
				95E6B2F81189524500C3F6B3 /* kal_tile.png in Resources */,
				95E6B2F91189524500C3F6B3 /* kal_tile_dim_text_fill.png in Resources */,
				95E6B2FA1189524500C3F6B3 /* kal_tile_selected.png in Resources */,
				95E6B2FB1189524500C3F6B3 /* kal_tile_text_fill.png in Resources */,
				95E6B2FC1189524500C3F6B3 /* kal_tile_today.png in Resources */,
				95E6B2FD1189524500C3F6B3 /* kal_tile_today_selected.png in Resources */,
				95E6B3221189525B00C3F6B3 /* TapkuLibrary.bundle in Resources */,
				952086C8118ACBA000F12AB9 /* NoteViewController.xib in Resources */,
				9520878A118AD50400F12AB9 /* AttendanceCell.xib in Resources */,
				952087D4118AD5C000F12AB9 /* ChatTableCell.xib in Resources */,
				952087DE118AD61300F12AB9 /* icon_chart_lg.png in Resources */,
				952087E8118AD67E00F12AB9 /* DeleteTableCell.xib in Resources */,
				95345138118BDA9A006EF65B /* ChangeDateViewController.xib in Resources */,
				9534524C118C00AA006EF65B /* StatusInstanceViewController.xib in Resources */,
				953452BC118C16F9006EF65B /* EditTextFieldViewController.xib in Resources */,
				953454D9118C5A26006EF65B /* EditStatusColorViewController.xib in Resources */,
				9534558E118C6A83006EF65B /* button_gray.png in Resources */,
				9534558F118C6A83006EF65B /* button_purple.png in Resources */,
				95345590118C6A83006EF65B /* button_white.png in Resources */,
				95345592118C6A88006EF65B /* button_orange.png in Resources */,
				953455F3118C700A006EF65B /* KalViewCell.xib in Resources */,
				953455F4118C700A006EF65B /* NotesTableCell.xib in Resources */,
				953455F5118C700A006EF65B /* ind_y_l.png in Resources */,
				953455F6118C700A006EF65B /* ind_y_m.png in Resources */,
				953455F7118C700A006EF65B /* ind_y_r.png in Resources */,
				95345636118C7BE6006EF65B /* AddStatusViewController.xib in Resources */,
				953458CC118CDCCB006EF65B /* EnrollStudentsViewController.xib in Resources */,
				9534621B118FA7E4006EF65B /* logo.png in Resources */,
			);
			runOnlyForDeploymentPostprocessing = 0;
		};
/* End PBXResourcesBuildPhase section */

/* Begin PBXSourcesBuildPhase section */
		1D60588E0D05DD3D006BFB54 /* Sources */ = {
			isa = PBXSourcesBuildPhase;
			buildActionMask = 2147483647;
			files = (
				1D60589B0D05DD56006BFB54 /* main.m in Sources */,
				1D3623260D0F684500981E51 /* Roll_CallAppDelegate.m in Sources */,
				95CAD9EC11580F2300CBC9E9 /* StudentsViewController.m in Sources */,
				95CADA501158457500CBC9E9 /* StudentViewController.m in Sources */,
				95A84286115A54A0002C6FCB /* AddStudentViewController.m in Sources */,
				5A7B2E8A11674DD4004332A7 /* AddStudentNameViewController.m in Sources */,
				5AB095571167F60C00E0CB9F /* AddStudentNameTableCell.m in Sources */,
				5AB0974A1168129B00E0CB9F /* RollSheetViewController.m in Sources */,
				5AB0974D116812A500E0CB9F /* RollCallDataModel.xcdatamodel in Sources */,
				95BE6A0A11683BFE00764D65 /* RollSheetInstance.m in Sources */,
				95EC81971168D0E600DA720F /* DebugViewController.m in Sources */,
				95EC83711169108800DA720F /* Course.m in Sources */,
				95EC83731169108800DA720F /* Student.m in Sources */,
				5A1B89F6116A09C300E979FF /* AddAddressViewController.m in Sources */,
				5A1B89F8116A09C300E979FF /* AddCourseViewController.m in Sources */,
				5A1B89FA116A09C300E979FF /* AddEmailViewController.m in Sources */,
				5A1B89FC116A09C300E979FF /* AddPhoneViewController.m in Sources */,
				5A1B89FE116A09C300E979FF /* Address.m in Sources */,
				9594A276116A9876008AC99A /* AddRollSheetViewController.m in Sources */,
				9594A2FB116AA569008AC99A /* AddCourseNameViewController.m in Sources */,
				9594A39E116ABBFE008AC99A /* AttendanceTableViewController.m in Sources */,
				955E41771174129700FF2B8F /* RollSheetTableCell.m in Sources */,
				955E42521174461000FF2B8F /* Presence.m in Sources */,
				955E42531174461000FF2B8F /* Status.m in Sources */,
				955E431E11747CF000FF2B8F /* RollSheetAddNoteController.m in Sources */,
				95B5B82C11772B0E00A4A356 /* RollSheetInfoViewController.m in Sources */,
				9509E0B6117F88B100A468EB /* SettingsViewController.m in Sources */,
				95E6B2FE1189524500C3F6B3 /* KalDataSource.m in Sources */,
				95E6B2FF1189524500C3F6B3 /* KalDate.m in Sources */,
				95E6B3001189524500C3F6B3 /* KalGridView.m in Sources */,
				95E6B3011189524500C3F6B3 /* KalLogic.m in Sources */,
				95E6B3021189524500C3F6B3 /* KalMonthView.m in Sources */,
				95E6B3031189524500C3F6B3 /* KalTileView.m in Sources */,
				95E6B3041189524500C3F6B3 /* KalView.m in Sources */,
				95E6B3051189524500C3F6B3 /* KalViewController.m in Sources */,
				95E6B3061189524500C3F6B3 /* NSDateAdditions.m in Sources */,
				95E6B3071189524500C3F6B3 /* UIViewAdditions.m in Sources */,
				95E6B3201189525B00C3F6B3 /* GraphController.m in Sources */,
				95E6B3211189525B00C3F6B3 /* NSStringAdditions.m in Sources */,
				95E6B3231189525B00C3F6B3 /* TKGlobal.m in Sources */,
				95E6B3241189525B00C3F6B3 /* TKGraphController.m in Sources */,
				95E6B3251189525B00C3F6B3 /* TKGraphView.m in Sources */,
				95E6B3261189525B00C3F6B3 /* TKOverviewHeaderView.m in Sources */,
				95E6B3271189525B00C3F6B3 /* TKOverviewIndicatorView.m in Sources */,
				95E6B3281189525B00C3F6B3 /* TKOverviewTableViewController.m in Sources */,
				95E6B3291189525B00C3F6B3 /* UIImageAdditions.m in Sources */,
				95E6B32A1189525B00C3F6B3 /* UIViewAdditions.m in Sources */,
				952086C7118ACBA000F12AB9 /* NoteViewController.m in Sources */,
				952086CB118ACBB800F12AB9 /* KalViewDataSource.m in Sources */,
				952086DD118ACC7400F12AB9 /* AttendanceEditViewController.m in Sources */,
				95345137118BDA9A006EF65B /* ChangeDateViewController.m in Sources */,
				9534524B118C00AA006EF65B /* StatusInstanceViewController.m in Sources */,
				953452BB118C16F9006EF65B /* EditTextFieldViewController.m in Sources */,
				953454D8118C5A26006EF65B /* EditStatusColorViewController.m in Sources */,
				95345635118C7BE6006EF65B /* AddStatusViewController.m in Sources */,
				953458CB118CDCCB006EF65B /* EnrollStudentsViewController.m in Sources */,
				95345E63118EA7BF006EF65B /* ABTableViewCell.m in Sources */,
				95345E67118EA7FC006EF65B /* AttendanceViewCell.m in Sources */,
				95345E8B118EACCC006EF65B /* CustomCell.m in Sources */,
			);
			runOnlyForDeploymentPostprocessing = 0;
		};
/* End PBXSourcesBuildPhase section */

/* Begin XCBuildConfiguration section */
		1D6058940D05DD3E006BFB54 /* Debug */ = {
			isa = XCBuildConfiguration;
			buildSettings = {
				ALWAYS_SEARCH_USER_PATHS = NO;
				COPY_PHASE_STRIP = NO;
				GCC_DYNAMIC_NO_PIC = NO;
				GCC_OPTIMIZATION_LEVEL = 0;
				GCC_PRECOMPILE_PREFIX_HEADER = YES;
				GCC_PREFIX_HEADER = Roll_Call_Prefix.pch;
				INFOPLIST_FILE = "Roll_Call-Info.plist";
				PRODUCT_NAME = "Roll Call";
			};
			name = Debug;
		};
		1D6058950D05DD3E006BFB54 /* Release */ = {
			isa = XCBuildConfiguration;
			buildSettings = {
				ALWAYS_SEARCH_USER_PATHS = NO;
				COPY_PHASE_STRIP = YES;
				GCC_PRECOMPILE_PREFIX_HEADER = YES;
				GCC_PREFIX_HEADER = Roll_Call_Prefix.pch;
				INFOPLIST_FILE = "Roll_Call-Info.plist";
				PRODUCT_NAME = "Roll Call";
			};
			name = Release;
		};
		C01FCF4F08A954540054247B /* Debug */ = {
			isa = XCBuildConfiguration;
			buildSettings = {
				ARCHS = "$(ARCHS_STANDARD_32_BIT)";
				"CODE_SIGN_IDENTITY[sdk=iphoneos*]" = "iPhone Developer";
				GCC_C_LANGUAGE_STANDARD = c99;
				GCC_WARN_ABOUT_RETURN_TYPE = YES;
				GCC_WARN_UNUSED_VARIABLE = YES;
				PREBINDING = NO;
				SDKROOT = iphoneos3.1.2;
			};
			name = Debug;
		};
		C01FCF5008A954540054247B /* Release */ = {
			isa = XCBuildConfiguration;
			buildSettings = {
				ARCHS = "$(ARCHS_STANDARD_32_BIT)";
				"CODE_SIGN_IDENTITY[sdk=iphoneos*]" = "iPhone Developer";
				GCC_C_LANGUAGE_STANDARD = c99;
				GCC_WARN_ABOUT_RETURN_TYPE = YES;
				GCC_WARN_UNUSED_VARIABLE = YES;
				PREBINDING = NO;
				SDKROOT = iphoneos3.1.2;
			};
			name = Release;
		};
/* End XCBuildConfiguration section */

/* Begin XCConfigurationList section */
		1D6058960D05DD3E006BFB54 /* Build configuration list for PBXNativeTarget "Roll Call" */ = {
			isa = XCConfigurationList;
			buildConfigurations = (
				1D6058940D05DD3E006BFB54 /* Debug */,
				1D6058950D05DD3E006BFB54 /* Release */,
			);
			defaultConfigurationIsVisible = 0;
			defaultConfigurationName = Release;
		};
		C01FCF4E08A954540054247B /* Build configuration list for PBXProject "Roll Call" */ = {
			isa = XCConfigurationList;
			buildConfigurations = (
				C01FCF4F08A954540054247B /* Debug */,
				C01FCF5008A954540054247B /* Release */,
			);
			defaultConfigurationIsVisible = 0;
			defaultConfigurationName = Release;
		};
/* End XCConfigurationList section */
	};
	rootObject = 29B97313FDCFA39411CA2CEA /* Project object */;
}
