// !$*UTF8*$!
{
	archiveVersion = 1;
	classes = {
	};
	objectVersion = 45;
	objects = {

/* Begin PBXBuildFile section */
		1D3623260D0F684500981E51 /* Roll_CallAppDelegate.m in Sources */ = {isa = PBXBuildFile; fileRef = 1D3623250D0F684500981E51 /* Roll_CallAppDelegate.m */; };
		1D60589B0D05DD56006BFB54 /* main.m in Sources */ = {isa = PBXBuildFile; fileRef = 29B97316FDCFA39411CA2CEA /* main.m */; };
		1D60589F0D05DD5A006BFB54 /* Foundation.framework in Frameworks */ = {isa = PBXBuildFile; fileRef = 1D30AB110D05D00D00671497 /* Foundation.framework */; };
		1DF5F4E00D08C38300B7A737 /* UIKit.framework in Frameworks */ = {isa = PBXBuildFile; fileRef = 1DF5F4DF0D08C38300B7A737 /* UIKit.framework */; };
		28216C970DB411BC00E5133A /* FirstViewController.m in Sources */ = {isa = PBXBuildFile; fileRef = 28216C960DB411BC00E5133A /* FirstViewController.m */; };
		282CCBFE0DB6C98000C4EA27 /* SecondView.xib in Resources */ = {isa = PBXBuildFile; fileRef = 282CCBFD0DB6C98000C4EA27 /* SecondView.xib */; };
		288765080DF74369002DB57D /* CoreGraphics.framework in Frameworks */ = {isa = PBXBuildFile; fileRef = 288765070DF74369002DB57D /* CoreGraphics.framework */; };
		28AD73880D9D96C1002E5188 /* MainWindow.xib in Resources */ = {isa = PBXBuildFile; fileRef = 28AD73870D9D96C1002E5188 /* MainWindow.xib */; };
		95A84286115A54A0002C6FCB /* AddStudentViewController.m in Sources */ = {isa = PBXBuildFile; fileRef = 95A84284115A54A0002C6FCB /* AddStudentViewController.m */; };
		95A84287115A54A0002C6FCB /* AddStudentViewController.xib in Resources */ = {isa = PBXBuildFile; fileRef = 95A84285115A54A0002C6FCB /* AddStudentViewController.xib */; };
		95C07C701166A6D200E7A9B3 /* RollCallDataModel.xcdatamodel in Sources */ = {isa = PBXBuildFile; fileRef = 95C07C6F1166A6D200E7A9B3 /* RollCallDataModel.xcdatamodel */; };
		95C3ECD81167B81A00CE11E5 /* CoreData.framework in Frameworks */ = {isa = PBXBuildFile; fileRef = 95C3ECD71167B81A00CE11E5 /* CoreData.framework */; };
		95C3ED081167BF6000CE11E5 /* RollSheetViewController.m in Sources */ = {isa = PBXBuildFile; fileRef = 95C3ED061167BF6000CE11E5 /* RollSheetViewController.m */; };
		95C3ED091167BF6000CE11E5 /* RollSheetViewController.xib in Resources */ = {isa = PBXBuildFile; fileRef = 95C3ED071167BF6000CE11E5 /* RollSheetViewController.xib */; };
		95C3EDF31167F74300CE11E5 /* AddStudentNameViewController.m in Sources */ = {isa = PBXBuildFile; fileRef = 95C3EDF11167F74300CE11E5 /* AddStudentNameViewController.m */; };
		95C3EDF41167F74300CE11E5 /* AddStudentNameViewController.xib in Resources */ = {isa = PBXBuildFile; fileRef = 95C3EDF21167F74300CE11E5 /* AddStudentNameViewController.xib */; };
		95C3EE071168006000CE11E5 /* Student.m in Sources */ = {isa = PBXBuildFile; fileRef = 95C3EE041168006000CE11E5 /* Student.m */; };
		95C3EE081168006000CE11E5 /* Course.m in Sources */ = {isa = PBXBuildFile; fileRef = 95C3EE061168006000CE11E5 /* Course.m */; };
		95CAD9B51158092400CBC9E9 /* ClassesViewController.m in Sources */ = {isa = PBXBuildFile; fileRef = 95CAD9B31158092400CBC9E9 /* ClassesViewController.m */; };
		95CAD9B61158092400CBC9E9 /* ClassesViewController.xib in Resources */ = {isa = PBXBuildFile; fileRef = 95CAD9B41158092400CBC9E9 /* ClassesViewController.xib */; };
		95CAD9EC11580F2300CBC9E9 /* StudentsViewController.m in Sources */ = {isa = PBXBuildFile; fileRef = 95CAD9EA11580F2300CBC9E9 /* StudentsViewController.m */; };
		95CAD9ED11580F2300CBC9E9 /* StudentsViewController.xib in Resources */ = {isa = PBXBuildFile; fileRef = 95CAD9EB11580F2300CBC9E9 /* StudentsViewController.xib */; };
		95CADA501158457500CBC9E9 /* StudentViewController.m in Sources */ = {isa = PBXBuildFile; fileRef = 95CADA4E1158457500CBC9E9 /* StudentViewController.m */; };
		95CADA511158457500CBC9E9 /* StudentViewController.xib in Resources */ = {isa = PBXBuildFile; fileRef = 95CADA4F1158457500CBC9E9 /* StudentViewController.xib */; };
		95CADA76115848F100CBC9E9 /* ClassViewController.m in Sources */ = {isa = PBXBuildFile; fileRef = 95CADA74115848F100CBC9E9 /* ClassViewController.m */; };
		95CADA77115848F100CBC9E9 /* ClassViewController.xib in Resources */ = {isa = PBXBuildFile; fileRef = 95CADA75115848F100CBC9E9 /* ClassViewController.xib */; };
/* End PBXBuildFile section */

/* Begin PBXFileReference section */
		1D30AB110D05D00D00671497 /* Foundation.framework */ = {isa = PBXFileReference; lastKnownFileType = wrapper.framework; name = Foundation.framework; path = System/Library/Frameworks/Foundation.framework; sourceTree = SDKROOT; };
		1D3623240D0F684500981E51 /* Roll_CallAppDelegate.h */ = {isa = PBXFileReference; fileEncoding = 4; lastKnownFileType = sourcecode.c.h; path = Roll_CallAppDelegate.h; sourceTree = "<group>"; };
		1D3623250D0F684500981E51 /* Roll_CallAppDelegate.m */ = {isa = PBXFileReference; fileEncoding = 4; lastKnownFileType = sourcecode.c.objc; path = Roll_CallAppDelegate.m; sourceTree = "<group>"; };
		1D6058910D05DD3D006BFB54 /* Roll Call.app */ = {isa = PBXFileReference; explicitFileType = wrapper.application; includeInIndex = 0; path = "Roll Call.app"; sourceTree = BUILT_PRODUCTS_DIR; };
		1DF5F4DF0D08C38300B7A737 /* UIKit.framework */ = {isa = PBXFileReference; lastKnownFileType = wrapper.framework; name = UIKit.framework; path = System/Library/Frameworks/UIKit.framework; sourceTree = SDKROOT; };
		28216C950DB411BC00E5133A /* FirstViewController.h */ = {isa = PBXFileReference; fileEncoding = 4; lastKnownFileType = sourcecode.c.h; path = FirstViewController.h; sourceTree = "<group>"; };
		28216C960DB411BC00E5133A /* FirstViewController.m */ = {isa = PBXFileReference; fileEncoding = 4; lastKnownFileType = sourcecode.c.objc; path = FirstViewController.m; sourceTree = "<group>"; };
		282CCBFD0DB6C98000C4EA27 /* SecondView.xib */ = {isa = PBXFileReference; lastKnownFileType = file.xib; path = SecondView.xib; sourceTree = "<group>"; };
		288765070DF74369002DB57D /* CoreGraphics.framework */ = {isa = PBXFileReference; lastKnownFileType = wrapper.framework; name = CoreGraphics.framework; path = System/Library/Frameworks/CoreGraphics.framework; sourceTree = SDKROOT; };
		28A0AB4B0D9B1048005BE974 /* Roll_Call_Prefix.pch */ = {isa = PBXFileReference; fileEncoding = 4; lastKnownFileType = sourcecode.c.h; path = Roll_Call_Prefix.pch; sourceTree = "<group>"; };
		28AD73870D9D96C1002E5188 /* MainWindow.xib */ = {isa = PBXFileReference; lastKnownFileType = file.xib; path = MainWindow.xib; sourceTree = "<group>"; };
		29B97316FDCFA39411CA2CEA /* main.m */ = {isa = PBXFileReference; fileEncoding = 4; lastKnownFileType = sourcecode.c.objc; path = main.m; sourceTree = "<group>"; };
		8D1107310486CEB800E47090 /* Roll_Call-Info.plist */ = {isa = PBXFileReference; fileEncoding = 4; lastKnownFileType = text.plist.xml; path = "Roll_Call-Info.plist"; plistStructureDefinitionIdentifier = "com.apple.xcode.plist.structure-definition.iphone.info-plist"; sourceTree = "<group>"; };
		95A84283115A54A0002C6FCB /* AddStudentViewController.h */ = {isa = PBXFileReference; fileEncoding = 4; lastKnownFileType = sourcecode.c.h; path = AddStudentViewController.h; sourceTree = "<group>"; };
		95A84284115A54A0002C6FCB /* AddStudentViewController.m */ = {isa = PBXFileReference; fileEncoding = 4; lastKnownFileType = sourcecode.c.objc; path = AddStudentViewController.m; sourceTree = "<group>"; };
		95A84285115A54A0002C6FCB /* AddStudentViewController.xib */ = {isa = PBXFileReference; lastKnownFileType = file.xib; name = AddStudentViewController.xib; path = Classes/AddStudentViewController.xib; sourceTree = "<group>"; };
		95C07C6F1166A6D200E7A9B3 /* RollCallDataModel.xcdatamodel */ = {isa = PBXFileReference; fileEncoding = 4; lastKnownFileType = wrapper.xcdatamodel; name = RollCallDataModel.xcdatamodel; path = Classes/RollCallDataModel.xcdatamodel; sourceTree = "<group>"; };
		95C3ECD71167B81A00CE11E5 /* CoreData.framework */ = {isa = PBXFileReference; lastKnownFileType = wrapper.framework; name = CoreData.framework; path = System/Library/Frameworks/CoreData.framework; sourceTree = SDKROOT; };
		95C3ED051167BF6000CE11E5 /* RollSheetViewController.h */ = {isa = PBXFileReference; fileEncoding = 4; lastKnownFileType = sourcecode.c.h; path = RollSheetViewController.h; sourceTree = "<group>"; };
		95C3ED061167BF6000CE11E5 /* RollSheetViewController.m */ = {isa = PBXFileReference; fileEncoding = 4; lastKnownFileType = sourcecode.c.objc; path = RollSheetViewController.m; sourceTree = "<group>"; };
		95C3ED071167BF6000CE11E5 /* RollSheetViewController.xib */ = {isa = PBXFileReference; lastKnownFileType = file.xib; name = RollSheetViewController.xib; path = Classes/RollSheetViewController.xib; sourceTree = "<group>"; };
		95C3EDF01167F74300CE11E5 /* AddStudentNameViewController.h */ = {isa = PBXFileReference; fileEncoding = 4; lastKnownFileType = sourcecode.c.h; path = AddStudentNameViewController.h; sourceTree = "<group>"; };
		95C3EDF11167F74300CE11E5 /* AddStudentNameViewController.m */ = {isa = PBXFileReference; fileEncoding = 4; lastKnownFileType = sourcecode.c.objc; path = AddStudentNameViewController.m; sourceTree = "<group>"; };
		95C3EDF21167F74300CE11E5 /* AddStudentNameViewController.xib */ = {isa = PBXFileReference; lastKnownFileType = file.xib; name = AddStudentNameViewController.xib; path = Classes/AddStudentNameViewController.xib; sourceTree = "<group>"; };
		95C3EE031168006000CE11E5 /* Student.h */ = {isa = PBXFileReference; fileEncoding = 4; lastKnownFileType = sourcecode.c.h; name = Student.h; path = Classes/Student.h; sourceTree = "<group>"; };
		95C3EE041168006000CE11E5 /* Student.m */ = {isa = PBXFileReference; fileEncoding = 4; lastKnownFileType = sourcecode.c.objc; name = Student.m; path = Classes/Student.m; sourceTree = "<group>"; };
		95C3EE051168006000CE11E5 /* Course.h */ = {isa = PBXFileReference; fileEncoding = 4; lastKnownFileType = sourcecode.c.h; name = Course.h; path = Classes/Course.h; sourceTree = "<group>"; };
		95C3EE061168006000CE11E5 /* Course.m */ = {isa = PBXFileReference; fileEncoding = 4; lastKnownFileType = sourcecode.c.objc; name = Course.m; path = Classes/Course.m; sourceTree = "<group>"; };
		95CAD9B21158092400CBC9E9 /* ClassesViewController.h */ = {isa = PBXFileReference; fileEncoding = 4; lastKnownFileType = sourcecode.c.h; path = ClassesViewController.h; sourceTree = "<group>"; };
		95CAD9B31158092400CBC9E9 /* ClassesViewController.m */ = {isa = PBXFileReference; fileEncoding = 4; lastKnownFileType = sourcecode.c.objc; path = ClassesViewController.m; sourceTree = "<group>"; };
		95CAD9B41158092400CBC9E9 /* ClassesViewController.xib */ = {isa = PBXFileReference; lastKnownFileType = file.xib; name = ClassesViewController.xib; path = Classes/ClassesViewController.xib; sourceTree = "<group>"; };
		95CAD9E911580F2300CBC9E9 /* StudentsViewController.h */ = {isa = PBXFileReference; fileEncoding = 4; lastKnownFileType = sourcecode.c.h; path = StudentsViewController.h; sourceTree = "<group>"; };
		95CAD9EA11580F2300CBC9E9 /* StudentsViewController.m */ = {isa = PBXFileReference; fileEncoding = 4; lastKnownFileType = sourcecode.c.objc; path = StudentsViewController.m; sourceTree = "<group>"; };
		95CAD9EB11580F2300CBC9E9 /* StudentsViewController.xib */ = {isa = PBXFileReference; lastKnownFileType = file.xib; name = StudentsViewController.xib; path = Classes/StudentsViewController.xib; sourceTree = "<group>"; };
		95CADA4D1158457500CBC9E9 /* StudentViewController.h */ = {isa = PBXFileReference; fileEncoding = 4; lastKnownFileType = sourcecode.c.h; path = StudentViewController.h; sourceTree = "<group>"; };
		95CADA4E1158457500CBC9E9 /* StudentViewController.m */ = {isa = PBXFileReference; fileEncoding = 4; lastKnownFileType = sourcecode.c.objc; path = StudentViewController.m; sourceTree = "<group>"; };
		95CADA4F1158457500CBC9E9 /* StudentViewController.xib */ = {isa = PBXFileReference; lastKnownFileType = file.xib; name = StudentViewController.xib; path = Classes/StudentViewController.xib; sourceTree = "<group>"; };
		95CADA73115848F100CBC9E9 /* ClassViewController.h */ = {isa = PBXFileReference; fileEncoding = 4; lastKnownFileType = sourcecode.c.h; path = ClassViewController.h; sourceTree = "<group>"; };
		95CADA74115848F100CBC9E9 /* ClassViewController.m */ = {isa = PBXFileReference; fileEncoding = 4; lastKnownFileType = sourcecode.c.objc; path = ClassViewController.m; sourceTree = "<group>"; };
		95CADA75115848F100CBC9E9 /* ClassViewController.xib */ = {isa = PBXFileReference; lastKnownFileType = file.xib; name = ClassViewController.xib; path = Classes/ClassViewController.xib; sourceTree = "<group>"; };
/* End PBXFileReference section */

/* Begin PBXFrameworksBuildPhase section */
		1D60588F0D05DD3D006BFB54 /* Frameworks */ = {
			isa = PBXFrameworksBuildPhase;
			buildActionMask = 2147483647;
			files = (
				1D60589F0D05DD5A006BFB54 /* Foundation.framework in Frameworks */,
				1DF5F4E00D08C38300B7A737 /* UIKit.framework in Frameworks */,
				288765080DF74369002DB57D /* CoreGraphics.framework in Frameworks */,
				95C3ECD81167B81A00CE11E5 /* CoreData.framework in Frameworks */,
			);
			runOnlyForDeploymentPostprocessing = 0;
		};
/* End PBXFrameworksBuildPhase section */

/* Begin PBXGroup section */
		080E96DDFE201D6D7F000001 /* Classes */ = {
			isa = PBXGroup;
			children = (
				95C3EDF01167F74300CE11E5 /* AddStudentNameViewController.h */,
				95C3EDF11167F74300CE11E5 /* AddStudentNameViewController.m */,
				95CAD9B21158092400CBC9E9 /* ClassesViewController.h */,
				95CAD9B31158092400CBC9E9 /* ClassesViewController.m */,
				95CADA73115848F100CBC9E9 /* ClassViewController.h */,
				95CADA74115848F100CBC9E9 /* ClassViewController.m */,
				28216C950DB411BC00E5133A /* FirstViewController.h */,
				28216C960DB411BC00E5133A /* FirstViewController.m */,
				95C3ED051167BF6000CE11E5 /* RollSheetViewController.h */,
				95C3ED061167BF6000CE11E5 /* RollSheetViewController.m */,
				1D3623240D0F684500981E51 /* Roll_CallAppDelegate.h */,
				1D3623250D0F684500981E51 /* Roll_CallAppDelegate.m */,
				95CAD9E911580F2300CBC9E9 /* StudentsViewController.h */,
				95CAD9EA11580F2300CBC9E9 /* StudentsViewController.m */,
				95CADA4D1158457500CBC9E9 /* StudentViewController.h */,
				95CADA4E1158457500CBC9E9 /* StudentViewController.m */,
				95A84283115A54A0002C6FCB /* AddStudentViewController.h */,
				95A84284115A54A0002C6FCB /* AddStudentViewController.m */,
			);
			path = Classes;
			sourceTree = "<group>";
		};
		19C28FACFE9D520D11CA2CBB /* Products */ = {
			isa = PBXGroup;
			children = (
				1D6058910D05DD3D006BFB54 /* Roll Call.app */,
			);
			name = Products;
			sourceTree = "<group>";
		};
		29B97314FDCFA39411CA2CEA /* Roll Call */ = {
			isa = PBXGroup;
			children = (
				95C07C7A1166A6E800E7A9B3 /* Models */,
				080E96DDFE201D6D7F000001 /* Classes */,
				29B97315FDCFA39411CA2CEA /* Other Sources */,
				29B97317FDCFA39411CA2CEA /* Resources */,
				29B97323FDCFA39411CA2CEA /* Frameworks */,
				19C28FACFE9D520D11CA2CBB /* Products */,
			);
			name = "Roll Call";
			sourceTree = "<group>";
		};
		29B97315FDCFA39411CA2CEA /* Other Sources */ = {
			isa = PBXGroup;
			children = (
				28A0AB4B0D9B1048005BE974 /* Roll_Call_Prefix.pch */,
				29B97316FDCFA39411CA2CEA /* main.m */,
			);
			name = "Other Sources";
			sourceTree = "<group>";
		};
		29B97317FDCFA39411CA2CEA /* Resources */ = {
			isa = PBXGroup;
			children = (
				95C3EDF21167F74300CE11E5 /* AddStudentNameViewController.xib */,
				95C3ED071167BF6000CE11E5 /* RollSheetViewController.xib */,
				95A84285115A54A0002C6FCB /* AddStudentViewController.xib */,
				95CADA75115848F100CBC9E9 /* ClassViewController.xib */,
				95CADA4F1158457500CBC9E9 /* StudentViewController.xib */,
				95CAD9EB11580F2300CBC9E9 /* StudentsViewController.xib */,
				95CAD9B41158092400CBC9E9 /* ClassesViewController.xib */,
				282CCBFD0DB6C98000C4EA27 /* SecondView.xib */,
				28AD73870D9D96C1002E5188 /* MainWindow.xib */,
				8D1107310486CEB800E47090 /* Roll_Call-Info.plist */,
			);
			name = Resources;
			sourceTree = "<group>";
		};
		29B97323FDCFA39411CA2CEA /* Frameworks */ = {
			isa = PBXGroup;
			children = (
				1DF5F4DF0D08C38300B7A737 /* UIKit.framework */,
				1D30AB110D05D00D00671497 /* Foundation.framework */,
				288765070DF74369002DB57D /* CoreGraphics.framework */,
				95C3ECD71167B81A00CE11E5 /* CoreData.framework */,
			);
			name = Frameworks;
			sourceTree = "<group>";
		};
		95C07C7A1166A6E800E7A9B3 /* Models */ = {
			isa = PBXGroup;
			children = (
				95C3EE031168006000CE11E5 /* Student.h */,
				95C3EE041168006000CE11E5 /* Student.m */,
				95C3EE051168006000CE11E5 /* Course.h */,
				95C3EE061168006000CE11E5 /* Course.m */,
				95C07C6F1166A6D200E7A9B3 /* RollCallDataModel.xcdatamodel */,
			);
			name = Models;
			sourceTree = "<group>";
		};
/* End PBXGroup section */

/* Begin PBXNativeTarget section */
		1D6058900D05DD3D006BFB54 /* Roll Call */ = {
			isa = PBXNativeTarget;
			buildConfigurationList = 1D6058960D05DD3E006BFB54 /* Build configuration list for PBXNativeTarget "Roll Call" */;
			buildPhases = (
				1D60588D0D05DD3D006BFB54 /* Resources */,
				1D60588E0D05DD3D006BFB54 /* Sources */,
				1D60588F0D05DD3D006BFB54 /* Frameworks */,
			);
			buildRules = (
			);
			dependencies = (
			);
			name = "Roll Call";
			productName = "Roll Call";
			productReference = 1D6058910D05DD3D006BFB54 /* Roll Call.app */;
			productType = "com.apple.product-type.application";
		};
/* End PBXNativeTarget section */

/* Begin PBXProject section */
		29B97313FDCFA39411CA2CEA /* Project object */ = {
			isa = PBXProject;
			buildConfigurationList = C01FCF4E08A954540054247B /* Build configuration list for PBXProject "Roll Call" */;
			compatibilityVersion = "Xcode 3.1";
			hasScannedForEncodings = 1;
			mainGroup = 29B97314FDCFA39411CA2CEA /* Roll Call */;
			projectDirPath = "";
			projectRoot = "";
			targets = (
				1D6058900D05DD3D006BFB54 /* Roll Call */,
			);
		};
/* End PBXProject section */

/* Begin PBXResourcesBuildPhase section */
		1D60588D0D05DD3D006BFB54 /* Resources */ = {
			isa = PBXResourcesBuildPhase;
			buildActionMask = 2147483647;
			files = (
				28AD73880D9D96C1002E5188 /* MainWindow.xib in Resources */,
				282CCBFE0DB6C98000C4EA27 /* SecondView.xib in Resources */,
				95CAD9B61158092400CBC9E9 /* ClassesViewController.xib in Resources */,
				95CAD9ED11580F2300CBC9E9 /* StudentsViewController.xib in Resources */,
				95CADA511158457500CBC9E9 /* StudentViewController.xib in Resources */,
				95CADA77115848F100CBC9E9 /* ClassViewController.xib in Resources */,
				95A84287115A54A0002C6FCB /* AddStudentViewController.xib in Resources */,
				95C3ED091167BF6000CE11E5 /* RollSheetViewController.xib in Resources */,
				95C3EDF41167F74300CE11E5 /* AddStudentNameViewController.xib in Resources */,
			);
			runOnlyForDeploymentPostprocessing = 0;
		};
/* End PBXResourcesBuildPhase section */

/* Begin PBXSourcesBuildPhase section */
		1D60588E0D05DD3D006BFB54 /* Sources */ = {
			isa = PBXSourcesBuildPhase;
			buildActionMask = 2147483647;
			files = (
				1D60589B0D05DD56006BFB54 /* main.m in Sources */,
				1D3623260D0F684500981E51 /* Roll_CallAppDelegate.m in Sources */,
				28216C970DB411BC00E5133A /* FirstViewController.m in Sources */,
				95CAD9B51158092400CBC9E9 /* ClassesViewController.m in Sources */,
				95CAD9EC11580F2300CBC9E9 /* StudentsViewController.m in Sources */,
				95CADA501158457500CBC9E9 /* StudentViewController.m in Sources */,
				95CADA76115848F100CBC9E9 /* ClassViewController.m in Sources */,
				95A84286115A54A0002C6FCB /* AddStudentViewController.m in Sources */,
				95C07C701166A6D200E7A9B3 /* RollCallDataModel.xcdatamodel in Sources */,
				95C3ED081167BF6000CE11E5 /* RollSheetViewController.m in Sources */,
				95C3EDF31167F74300CE11E5 /* AddStudentNameViewController.m in Sources */,
				95C3EE071168006000CE11E5 /* Student.m in Sources */,
				95C3EE081168006000CE11E5 /* Course.m in Sources */,
			);
			runOnlyForDeploymentPostprocessing = 0;
		};
/* End PBXSourcesBuildPhase section */

/* Begin XCBuildConfiguration section */
		1D6058940D05DD3E006BFB54 /* Debug */ = {
			isa = XCBuildConfiguration;
			buildSettings = {
				ALWAYS_SEARCH_USER_PATHS = NO;
				COPY_PHASE_STRIP = NO;
				GCC_DYNAMIC_NO_PIC = NO;
				GCC_OPTIMIZATION_LEVEL = 0;
				GCC_PRECOMPILE_PREFIX_HEADER = YES;
				GCC_PREFIX_HEADER = Roll_Call_Prefix.pch;
				INFOPLIST_FILE = "Roll_Call-Info.plist";
				PRODUCT_NAME = "Roll Call";
			};
			name = Debug;
		};
		1D6058950D05DD3E006BFB54 /* Release */ = {
			isa = XCBuildConfiguration;
			buildSettings = {
				ALWAYS_SEARCH_USER_PATHS = NO;
				COPY_PHASE_STRIP = YES;
				GCC_PRECOMPILE_PREFIX_HEADER = YES;
				GCC_PREFIX_HEADER = Roll_Call_Prefix.pch;
				INFOPLIST_FILE = "Roll_Call-Info.plist";
				PRODUCT_NAME = "Roll Call";
			};
			name = Release;
		};
		C01FCF4F08A954540054247B /* Debug */ = {
			isa = XCBuildConfiguration;
			buildSettings = {
				ARCHS = "$(ARCHS_STANDARD_32_BIT)";
				"CODE_SIGN_IDENTITY[sdk=iphoneos*]" = "iPhone Developer";
				GCC_C_LANGUAGE_STANDARD = c99;
				GCC_WARN_ABOUT_RETURN_TYPE = YES;
				GCC_WARN_UNUSED_VARIABLE = YES;
				PREBINDING = NO;
				SDKROOT = iphoneos3.1.2;
			};
			name = Debug;
		};
		C01FCF5008A954540054247B /* Release */ = {
			isa = XCBuildConfiguration;
			buildSettings = {
				ARCHS = "$(ARCHS_STANDARD_32_BIT)";
				"CODE_SIGN_IDENTITY[sdk=iphoneos*]" = "iPhone Developer";
				GCC_C_LANGUAGE_STANDARD = c99;
				GCC_WARN_ABOUT_RETURN_TYPE = YES;
				GCC_WARN_UNUSED_VARIABLE = YES;
				PREBINDING = NO;
				SDKROOT = iphoneos3.1.2;
			};
			name = Release;
		};
/* End XCBuildConfiguration section */

/* Begin XCConfigurationList section */
		1D6058960D05DD3E006BFB54 /* Build configuration list for PBXNativeTarget "Roll Call" */ = {
			isa = XCConfigurationList;
			buildConfigurations = (
				1D6058940D05DD3E006BFB54 /* Debug */,
				1D6058950D05DD3E006BFB54 /* Release */,
			);
			defaultConfigurationIsVisible = 0;
			defaultConfigurationName = Release;
		};
		C01FCF4E08A954540054247B /* Build configuration list for PBXProject "Roll Call" */ = {
			isa = XCConfigurationList;
			buildConfigurations = (
				C01FCF4F08A954540054247B /* Debug */,
				C01FCF5008A954540054247B /* Release */,
			);
			defaultConfigurationIsVisible = 0;
			defaultConfigurationName = Release;
		};
/* End XCConfigurationList section */
	};
	rootObject = 29B97313FDCFA39411CA2CEA /* Project object */;
}
